// !$*UTF8*$!
{
	archiveVersion = 1;
	classes = {
	};
	objectVersion = 56;
	objects = {

/* Begin PBXBuildFile section */
		ED56C867294865AA005B12A5 /* AppDelegate.swift in Sources */ = {isa = PBXBuildFile; fileRef = ED56C866294865AA005B12A5 /* AppDelegate.swift */; };
		ED56C869294865AA005B12A5 /* SceneDelegate.swift in Sources */ = {isa = PBXBuildFile; fileRef = ED56C868294865AA005B12A5 /* SceneDelegate.swift */; };
		ED56C86B294865AA005B12A5 /* ViewController.swift in Sources */ = {isa = PBXBuildFile; fileRef = ED56C86A294865AA005B12A5 /* ViewController.swift */; };
		ED56C86E294865AA005B12A5 /* Main.storyboard in Resources */ = {isa = PBXBuildFile; fileRef = ED56C86C294865AA005B12A5 /* Main.storyboard */; };
		ED56C870294865AC005B12A5 /* Assets.xcassets in Resources */ = {isa = PBXBuildFile; fileRef = ED56C86F294865AC005B12A5 /* Assets.xcassets */; };
		ED56C873294865AC005B12A5 /* LaunchScreen.storyboard in Resources */ = {isa = PBXBuildFile; fileRef = ED56C871294865AC005B12A5 /* LaunchScreen.storyboard */; };
		ED56C87E294865AC005B12A5 /* TpNoteSwiftTests.swift in Sources */ = {isa = PBXBuildFile; fileRef = ED56C87D294865AC005B12A5 /* TpNoteSwiftTests.swift */; };
		ED56C888294865AC005B12A5 /* TpNoteSwiftUITests.swift in Sources */ = {isa = PBXBuildFile; fileRef = ED56C887294865AC005B12A5 /* TpNoteSwiftUITests.swift */; };
		ED56C88A294865AC005B12A5 /* TpNoteSwiftUITestsLaunchTests.swift in Sources */ = {isa = PBXBuildFile; fileRef = ED56C889294865AC005B12A5 /* TpNoteSwiftUITestsLaunchTests.swift */; };
/* End PBXBuildFile section */

/* Begin PBXContainerItemProxy section */
		ED56C87A294865AC005B12A5 /* PBXContainerItemProxy */ = {
			isa = PBXContainerItemProxy;
			containerPortal = ED56C85B294865AA005B12A5 /* Project object */;
			proxyType = 1;
			remoteGlobalIDString = ED56C862294865AA005B12A5;
			remoteInfo = TpNoteSwift;
		};
		ED56C884294865AC005B12A5 /* PBXContainerItemProxy */ = {
			isa = PBXContainerItemProxy;
			containerPortal = ED56C85B294865AA005B12A5 /* Project object */;
			proxyType = 1;
			remoteGlobalIDString = ED56C862294865AA005B12A5;
			remoteInfo = TpNoteSwift;
		};
/* End PBXContainerItemProxy section */

/* Begin PBXFileReference section */
		ED56C863294865AA005B12A5 /* TpNoteSwift.app */ = {isa = PBXFileReference; explicitFileType = wrapper.application; includeInIndex = 0; path = TpNoteSwift.app; sourceTree = BUILT_PRODUCTS_DIR; };
		ED56C866294865AA005B12A5 /* AppDelegate.swift */ = {isa = PBXFileReference; lastKnownFileType = sourcecode.swift; path = AppDelegate.swift; sourceTree = "<group>"; };
		ED56C868294865AA005B12A5 /* SceneDelegate.swift */ = {isa = PBXFileReference; lastKnownFileType = sourcecode.swift; path = SceneDelegate.swift; sourceTree = "<group>"; };
		ED56C86A294865AA005B12A5 /* ViewController.swift */ = {isa = PBXFileReference; lastKnownFileType = sourcecode.swift; path = ViewController.swift; sourceTree = "<group>"; };
		ED56C86D294865AA005B12A5 /* Base */ = {isa = PBXFileReference; lastKnownFileType = file.storyboard; name = Base; path = Base.lproj/Main.storyboard; sourceTree = "<group>"; };
		ED56C86F294865AC005B12A5 /* Assets.xcassets */ = {isa = PBXFileReference; lastKnownFileType = folder.assetcatalog; path = Assets.xcassets; sourceTree = "<group>"; };
		ED56C872294865AC005B12A5 /* Base */ = {isa = PBXFileReference; lastKnownFileType = file.storyboard; name = Base; path = Base.lproj/LaunchScreen.storyboard; sourceTree = "<group>"; };
		ED56C874294865AC005B12A5 /* Info.plist */ = {isa = PBXFileReference; lastKnownFileType = text.plist.xml; path = Info.plist; sourceTree = "<group>"; };
		ED56C879294865AC005B12A5 /* TpNoteSwiftTests.xctest */ = {isa = PBXFileReference; explicitFileType = wrapper.cfbundle; includeInIndex = 0; path = TpNoteSwiftTests.xctest; sourceTree = BUILT_PRODUCTS_DIR; };
		ED56C87D294865AC005B12A5 /* TpNoteSwiftTests.swift */ = {isa = PBXFileReference; lastKnownFileType = sourcecode.swift; path = TpNoteSwiftTests.swift; sourceTree = "<group>"; };
		ED56C883294865AC005B12A5 /* TpNoteSwiftUITests.xctest */ = {isa = PBXFileReference; explicitFileType = wrapper.cfbundle; includeInIndex = 0; path = TpNoteSwiftUITests.xctest; sourceTree = BUILT_PRODUCTS_DIR; };
		ED56C887294865AC005B12A5 /* TpNoteSwiftUITests.swift */ = {isa = PBXFileReference; lastKnownFileType = sourcecode.swift; path = TpNoteSwiftUITests.swift; sourceTree = "<group>"; };
		ED56C889294865AC005B12A5 /* TpNoteSwiftUITestsLaunchTests.swift */ = {isa = PBXFileReference; lastKnownFileType = sourcecode.swift; path = TpNoteSwiftUITestsLaunchTests.swift; sourceTree = "<group>"; };
/* End PBXFileReference section */

/* Begin PBXFrameworksBuildPhase section */
		ED56C860294865AA005B12A5 /* Frameworks */ = {
			isa = PBXFrameworksBuildPhase;
			buildActionMask = 2147483647;
			files = (
			);
			runOnlyForDeploymentPostprocessing = 0;
		};
		ED56C876294865AC005B12A5 /* Frameworks */ = {
			isa = PBXFrameworksBuildPhase;
			buildActionMask = 2147483647;
			files = (
			);
			runOnlyForDeploymentPostprocessing = 0;
		};
		ED56C880294865AC005B12A5 /* Frameworks */ = {
			isa = PBXFrameworksBuildPhase;
			buildActionMask = 2147483647;
			files = (
			);
			runOnlyForDeploymentPostprocessing = 0;
		};
/* End PBXFrameworksBuildPhase section */

/* Begin PBXGroup section */
		ED56C85A294865AA005B12A5 = {
			isa = PBXGroup;
			children = (
				ED56C865294865AA005B12A5 /* TpNoteSwift */,
				ED56C87C294865AC005B12A5 /* TpNoteSwiftTests */,
				ED56C886294865AC005B12A5 /* TpNoteSwiftUITests */,
				ED56C864294865AA005B12A5 /* Products */,
			);
			sourceTree = "<group>";
		};
		ED56C864294865AA005B12A5 /* Products */ = {
			isa = PBXGroup;
			children = (
				ED56C863294865AA005B12A5 /* TpNoteSwift.app */,
				ED56C879294865AC005B12A5 /* TpNoteSwiftTests.xctest */,
				ED56C883294865AC005B12A5 /* TpNoteSwiftUITests.xctest */,
			);
			name = Products;
			sourceTree = "<group>";
		};
		ED56C865294865AA005B12A5 /* TpNoteSwift */ = {
			isa = PBXGroup;
			children = (
				ED56C866294865AA005B12A5 /* AppDelegate.swift */,
				ED56C868294865AA005B12A5 /* SceneDelegate.swift */,
				ED56C86A294865AA005B12A5 /* ViewController.swift */,
				ED56C86C294865AA005B12A5 /* Main.storyboard */,
				ED56C86F294865AC005B12A5 /* Assets.xcassets */,
				ED56C871294865AC005B12A5 /* LaunchScreen.storyboard */,
				ED56C874294865AC005B12A5 /* Info.plist */,
			);
			path = TpNoteSwift;
			sourceTree = "<group>";
		};
		ED56C87C294865AC005B12A5 /* TpNoteSwiftTests */ = {
			isa = PBXGroup;
			children = (
				ED56C87D294865AC005B12A5 /* TpNoteSwiftTests.swift */,
			);
			path = TpNoteSwiftTests;
			sourceTree = "<group>";
		};
		ED56C886294865AC005B12A5 /* TpNoteSwiftUITests */ = {
			isa = PBXGroup;
			children = (
				ED56C887294865AC005B12A5 /* TpNoteSwiftUITests.swift */,
				ED56C889294865AC005B12A5 /* TpNoteSwiftUITestsLaunchTests.swift */,
			);
			path = TpNoteSwiftUITests;
			sourceTree = "<group>";
		};
/* End PBXGroup section */

/* Begin PBXNativeTarget section */
		ED56C862294865AA005B12A5 /* TpNoteSwift */ = {
			isa = PBXNativeTarget;
			buildConfigurationList = ED56C88D294865AC005B12A5 /* Build configuration list for PBXNativeTarget "TpNoteSwift" */;
			buildPhases = (
				ED56C85F294865AA005B12A5 /* Sources */,
				ED56C860294865AA005B12A5 /* Frameworks */,
				ED56C861294865AA005B12A5 /* Resources */,
			);
			buildRules = (
			);
			dependencies = (
			);
			name = TpNoteSwift;
			productName = TpNoteSwift;
			productReference = ED56C863294865AA005B12A5 /* TpNoteSwift.app */;
			productType = "com.apple.product-type.application";
		};
		ED56C878294865AC005B12A5 /* TpNoteSwiftTests */ = {
			isa = PBXNativeTarget;
			buildConfigurationList = ED56C890294865AC005B12A5 /* Build configuration list for PBXNativeTarget "TpNoteSwiftTests" */;
			buildPhases = (
				ED56C875294865AC005B12A5 /* Sources */,
				ED56C876294865AC005B12A5 /* Frameworks */,
				ED56C877294865AC005B12A5 /* Resources */,
			);
			buildRules = (
			);
			dependencies = (
				ED56C87B294865AC005B12A5 /* PBXTargetDependency */,
			);
			name = TpNoteSwiftTests;
			productName = TpNoteSwiftTests;
			productReference = ED56C879294865AC005B12A5 /* TpNoteSwiftTests.xctest */;
			productType = "com.apple.product-type.bundle.unit-test";
		};
		ED56C882294865AC005B12A5 /* TpNoteSwiftUITests */ = {
			isa = PBXNativeTarget;
			buildConfigurationList = ED56C893294865AC005B12A5 /* Build configuration list for PBXNativeTarget "TpNoteSwiftUITests" */;
			buildPhases = (
				ED56C87F294865AC005B12A5 /* Sources */,
				ED56C880294865AC005B12A5 /* Frameworks */,
				ED56C881294865AC005B12A5 /* Resources */,
			);
			buildRules = (
			);
			dependencies = (
				ED56C885294865AC005B12A5 /* PBXTargetDependency */,
			);
			name = TpNoteSwiftUITests;
			productName = TpNoteSwiftUITests;
			productReference = ED56C883294865AC005B12A5 /* TpNoteSwiftUITests.xctest */;
			productType = "com.apple.product-type.bundle.ui-testing";
		};
/* End PBXNativeTarget section */

/* Begin PBXProject section */
		ED56C85B294865AA005B12A5 /* Project object */ = {
			isa = PBXProject;
			attributes = {
				BuildIndependentTargetsInParallel = 1;
				LastSwiftUpdateCheck = 1410;
				LastUpgradeCheck = 1410;
				TargetAttributes = {
					ED56C862294865AA005B12A5 = {
						CreatedOnToolsVersion = 14.1;
					};
					ED56C878294865AC005B12A5 = {
						CreatedOnToolsVersion = 14.1;
						TestTargetID = ED56C862294865AA005B12A5;
					};
					ED56C882294865AC005B12A5 = {
						CreatedOnToolsVersion = 14.1;
						TestTargetID = ED56C862294865AA005B12A5;
					};
				};
			};
			buildConfigurationList = ED56C85E294865AA005B12A5 /* Build configuration list for PBXProject "TpNoteSwift" */;
			compatibilityVersion = "Xcode 14.0";
			developmentRegion = en;
			hasScannedForEncodings = 0;
			knownRegions = (
				en,
				Base,
			);
			mainGroup = ED56C85A294865AA005B12A5;
			productRefGroup = ED56C864294865AA005B12A5 /* Products */;
			projectDirPath = "";
			projectRoot = "";
			targets = (
				ED56C862294865AA005B12A5 /* TpNoteSwift */,
				ED56C878294865AC005B12A5 /* TpNoteSwiftTests */,
				ED56C882294865AC005B12A5 /* TpNoteSwiftUITests */,
			);
		};
/* End PBXProject section */

/* Begin PBXResourcesBuildPhase section */
		ED56C861294865AA005B12A5 /* Resources */ = {
			isa = PBXResourcesBuildPhase;
			buildActionMask = 2147483647;
			files = (
				ED56C873294865AC005B12A5 /* LaunchScreen.storyboard in Resources */,
				ED56C870294865AC005B12A5 /* Assets.xcassets in Resources */,
				ED56C86E294865AA005B12A5 /* Main.storyboard in Resources */,
			);
			runOnlyForDeploymentPostprocessing = 0;
		};
		ED56C877294865AC005B12A5 /* Resources */ = {
			isa = PBXResourcesBuildPhase;
			buildActionMask = 2147483647;
			files = (
			);
			runOnlyForDeploymentPostprocessing = 0;
		};
		ED56C881294865AC005B12A5 /* Resources */ = {
			isa = PBXResourcesBuildPhase;
			buildActionMask = 2147483647;
			files = (
			);
			runOnlyForDeploymentPostprocessing = 0;
		};
/* End PBXResourcesBuildPhase section */

/* Begin PBXSourcesBuildPhase section */
		ED56C85F294865AA005B12A5 /* Sources */ = {
			isa = PBXSourcesBuildPhase;
			buildActionMask = 2147483647;
			files = (
				ED56C86B294865AA005B12A5 /* ViewController.swift in Sources */,
				ED56C867294865AA005B12A5 /* AppDelegate.swift in Sources */,
				ED56C869294865AA005B12A5 /* SceneDelegate.swift in Sources */,
			);
			runOnlyForDeploymentPostprocessing = 0;
		};
		ED56C875294865AC005B12A5 /* Sources */ = {
			isa = PBXSourcesBuildPhase;
			buildActionMask = 2147483647;
			files = (
				ED56C87E294865AC005B12A5 /* TpNoteSwiftTests.swift in Sources */,
			);
			runOnlyForDeploymentPostprocessing = 0;
		};
		ED56C87F294865AC005B12A5 /* Sources */ = {
			isa = PBXSourcesBuildPhase;
			buildActionMask = 2147483647;
			files = (
				ED56C88A294865AC005B12A5 /* TpNoteSwiftUITestsLaunchTests.swift in Sources */,
				ED56C888294865AC005B12A5 /* TpNoteSwiftUITests.swift in Sources */,
			);
			runOnlyForDeploymentPostprocessing = 0;
		};
/* End PBXSourcesBuildPhase section */

/* Begin PBXTargetDependency section */
		ED56C87B294865AC005B12A5 /* PBXTargetDependency */ = {
			isa = PBXTargetDependency;
			target = ED56C862294865AA005B12A5 /* TpNoteSwift */;
			targetProxy = ED56C87A294865AC005B12A5 /* PBXContainerItemProxy */;
		};
		ED56C885294865AC005B12A5 /* PBXTargetDependency */ = {
			isa = PBXTargetDependency;
			target = ED56C862294865AA005B12A5 /* TpNoteSwift */;
			targetProxy = ED56C884294865AC005B12A5 /* PBXContainerItemProxy */;
		};
/* End PBXTargetDependency section */

/* Begin PBXVariantGroup section */
		ED56C86C294865AA005B12A5 /* Main.storyboard */ = {
			isa = PBXVariantGroup;
			children = (
				ED56C86D294865AA005B12A5 /* Base */,
			);
			name = Main.storyboard;
			sourceTree = "<group>";
		};
		ED56C871294865AC005B12A5 /* LaunchScreen.storyboard */ = {
			isa = PBXVariantGroup;
			children = (
				ED56C872294865AC005B12A5 /* Base */,
			);
			name = LaunchScreen.storyboard;
			sourceTree = "<group>";
		};
/* End PBXVariantGroup section */

/* Begin XCBuildConfiguration section */
		ED56C88B294865AC005B12A5 /* Debug */ = {
			isa = XCBuildConfiguration;
			buildSettings = {
				ALWAYS_SEARCH_USER_PATHS = NO;
				CLANG_ANALYZER_NONNULL = YES;
				CLANG_ANALYZER_NUMBER_OBJECT_CONVERSION = YES_AGGRESSIVE;
				CLANG_CXX_LANGUAGE_STANDARD = "gnu++20";
				CLANG_ENABLE_MODULES = YES;
				CLANG_ENABLE_OBJC_ARC = YES;
				CLANG_ENABLE_OBJC_WEAK = YES;
				CLANG_WARN_BLOCK_CAPTURE_AUTORELEASING = YES;
				CLANG_WARN_BOOL_CONVERSION = YES;
				CLANG_WARN_COMMA = YES;
				CLANG_WARN_CONSTANT_CONVERSION = YES;
				CLANG_WARN_DEPRECATED_OBJC_IMPLEMENTATIONS = YES;
				CLANG_WARN_DIRECT_OBJC_ISA_USAGE = YES_ERROR;
				CLANG_WARN_DOCUMENTATION_COMMENTS = YES;
				CLANG_WARN_EMPTY_BODY = YES;
				CLANG_WARN_ENUM_CONVERSION = YES;
				CLANG_WARN_INFINITE_RECURSION = YES;
				CLANG_WARN_INT_CONVERSION = YES;
				CLANG_WARN_NON_LITERAL_NULL_CONVERSION = YES;
				CLANG_WARN_OBJC_IMPLICIT_RETAIN_SELF = YES;
				CLANG_WARN_OBJC_LITERAL_CONVERSION = YES;
				CLANG_WARN_OBJC_ROOT_CLASS = YES_ERROR;
				CLANG_WARN_QUOTED_INCLUDE_IN_FRAMEWORK_HEADER = YES;
				CLANG_WARN_RANGE_LOOP_ANALYSIS = YES;
				CLANG_WARN_STRICT_PROTOTYPES = YES;
				CLANG_WARN_SUSPICIOUS_MOVE = YES;
				CLANG_WARN_UNGUARDED_AVAILABILITY = YES_AGGRESSIVE;
				CLANG_WARN_UNREACHABLE_CODE = YES;
				CLANG_WARN__DUPLICATE_METHOD_MATCH = YES;
				COPY_PHASE_STRIP = NO;
				DEBUG_INFORMATION_FORMAT = dwarf;
				ENABLE_STRICT_OBJC_MSGSEND = YES;
				ENABLE_TESTABILITY = YES;
				GCC_C_LANGUAGE_STANDARD = gnu11;
				GCC_DYNAMIC_NO_PIC = NO;
				GCC_NO_COMMON_BLOCKS = YES;
				GCC_OPTIMIZATION_LEVEL = 0;
				GCC_PREPROCESSOR_DEFINITIONS = (
					"DEBUG=1",
					"$(inherited)",
				);
				GCC_WARN_64_TO_32_BIT_CONVERSION = YES;
				GCC_WARN_ABOUT_RETURN_TYPE = YES_ERROR;
				GCC_WARN_UNDECLARED_SELECTOR = YES;
				GCC_WARN_UNINITIALIZED_AUTOS = YES_AGGRESSIVE;
				GCC_WARN_UNUSED_FUNCTION = YES;
				GCC_WARN_UNUSED_VARIABLE = YES;
				IPHONEOS_DEPLOYMENT_TARGET = 16.1;
				MTL_ENABLE_DEBUG_INFO = INCLUDE_SOURCE;
				MTL_FAST_MATH = YES;
				ONLY_ACTIVE_ARCH = YES;
				SDKROOT = iphoneos;
				SWIFT_ACTIVE_COMPILATION_CONDITIONS = DEBUG;
				SWIFT_OPTIMIZATION_LEVEL = "-Onone";
			};
			name = Debug;
		};
		ED56C88C294865AC005B12A5 /* Release */ = {
			isa = XCBuildConfiguration;
			buildSettings = {
				ALWAYS_SEARCH_USER_PATHS = NO;
				CLANG_ANALYZER_NONNULL = YES;
				CLANG_ANALYZER_NUMBER_OBJECT_CONVERSION = YES_AGGRESSIVE;
				CLANG_CXX_LANGUAGE_STANDARD = "gnu++20";
				CLANG_ENABLE_MODULES = YES;
				CLANG_ENABLE_OBJC_ARC = YES;
				CLANG_ENABLE_OBJC_WEAK = YES;
				CLANG_WARN_BLOCK_CAPTURE_AUTORELEASING = YES;
				CLANG_WARN_BOOL_CONVERSION = YES;
				CLANG_WARN_COMMA = YES;
				CLANG_WARN_CONSTANT_CONVERSION = YES;
				CLANG_WARN_DEPRECATED_OBJC_IMPLEMENTATIONS = YES;
				CLANG_WARN_DIRECT_OBJC_ISA_USAGE = YES_ERROR;
				CLANG_WARN_DOCUMENTATION_COMMENTS = YES;
				CLANG_WARN_EMPTY_BODY = YES;
				CLANG_WARN_ENUM_CONVERSION = YES;
				CLANG_WARN_INFINITE_RECURSION = YES;
				CLANG_WARN_INT_CONVERSION = YES;
				CLANG_WARN_NON_LITERAL_NULL_CONVERSION = YES;
				CLANG_WARN_OBJC_IMPLICIT_RETAIN_SELF = YES;
				CLANG_WARN_OBJC_LITERAL_CONVERSION = YES;
				CLANG_WARN_OBJC_ROOT_CLASS = YES_ERROR;
				CLANG_WARN_QUOTED_INCLUDE_IN_FRAMEWORK_HEADER = YES;
				CLANG_WARN_RANGE_LOOP_ANALYSIS = YES;
				CLANG_WARN_STRICT_PROTOTYPES = YES;
				CLANG_WARN_SUSPICIOUS_MOVE = YES;
				CLANG_WARN_UNGUARDED_AVAILABILITY = YES_AGGRESSIVE;
				CLANG_WARN_UNREACHABLE_CODE = YES;
				CLANG_WARN__DUPLICATE_METHOD_MATCH = YES;
				COPY_PHASE_STRIP = NO;
				DEBUG_INFORMATION_FORMAT = "dwarf-with-dsym";
				ENABLE_NS_ASSERTIONS = NO;
				ENABLE_STRICT_OBJC_MSGSEND = YES;
				GCC_C_LANGUAGE_STANDARD = gnu11;
				GCC_NO_COMMON_BLOCKS = YES;
				GCC_WARN_64_TO_32_BIT_CONVERSION = YES;
				GCC_WARN_ABOUT_RETURN_TYPE = YES_ERROR;
				GCC_WARN_UNDECLARED_SELECTOR = YES;
				GCC_WARN_UNINITIALIZED_AUTOS = YES_AGGRESSIVE;
				GCC_WARN_UNUSED_FUNCTION = YES;
				GCC_WARN_UNUSED_VARIABLE = YES;
				IPHONEOS_DEPLOYMENT_TARGET = 16.1;
				MTL_ENABLE_DEBUG_INFO = NO;
				MTL_FAST_MATH = YES;
				SDKROOT = iphoneos;
				SWIFT_COMPILATION_MODE = wholemodule;
				SWIFT_OPTIMIZATION_LEVEL = "-O";
				VALIDATE_PRODUCT = YES;
			};
			name = Release;
		};
		ED56C88E294865AC005B12A5 /* Debug */ = {
			isa = XCBuildConfiguration;
			buildSettings = {
				ASSETCATALOG_COMPILER_APPICON_NAME = AppIcon;
				ASSETCATALOG_COMPILER_GLOBAL_ACCENT_COLOR_NAME = AccentColor;
				CODE_SIGN_STYLE = Automatic;
				CURRENT_PROJECT_VERSION = 1;
				GENERATE_INFOPLIST_FILE = YES;
				INFOPLIST_FILE = TpNoteSwift/Info.plist;
				INFOPLIST_KEY_UIApplicationSupportsIndirectInputEvents = YES;
				INFOPLIST_KEY_UILaunchStoryboardName = LaunchScreen;
				INFOPLIST_KEY_UIMainStoryboardFile = Main;
				INFOPLIST_KEY_UISupportedInterfaceOrientations_iPad = "UIInterfaceOrientationPortrait UIInterfaceOrientationPortraitUpsideDown UIInterfaceOrientationLandscapeLeft UIInterfaceOrientationLandscapeRight";
				INFOPLIST_KEY_UISupportedInterfaceOrientations_iPhone = "UIInterfaceOrientationPortrait UIInterfaceOrientationLandscapeLeft UIInterfaceOrientationLandscapeRight";
				LD_RUNPATH_SEARCH_PATHS = (
					"$(inherited)",
					"@executable_path/Frameworks",
				);
				MARKETING_VERSION = 1.0;
				PRODUCT_BUNDLE_IDENTIFIER = jojo.TpNoteSwift;
				PRODUCT_NAME = "$(TARGET_NAME)";
				SWIFT_EMIT_LOC_STRINGS = YES;
				SWIFT_VERSION = 5.0;
				TARGETED_DEVICE_FAMILY = "1,2";
			};
			name = Debug;
		};
		ED56C88F294865AC005B12A5 /* Release */ = {
			isa = XCBuildConfiguration;
			buildSettings = {
				ASSETCATALOG_COMPILER_APPICON_NAME = AppIcon;
				ASSETCATALOG_COMPILER_GLOBAL_ACCENT_COLOR_NAME = AccentColor;
				CODE_SIGN_STYLE = Automatic;
				CURRENT_PROJECT_VERSION = 1;
				GENERATE_INFOPLIST_FILE = YES;
				INFOPLIST_FILE = TpNoteSwift/Info.plist;
				INFOPLIST_KEY_UIApplicationSupportsIndirectInputEvents = YES;
				INFOPLIST_KEY_UILaunchStoryboardName = LaunchScreen;
				INFOPLIST_KEY_UIMainStoryboardFile = Main;
				INFOPLIST_KEY_UISupportedInterfaceOrientations_iPad = "UIInterfaceOrientationPortrait UIInterfaceOrientationPortraitUpsideDown UIInterfaceOrientationLandscapeLeft UIInterfaceOrientationLandscapeRight";
				INFOPLIST_KEY_UISupportedInterfaceOrientations_iPhone = "UIInterfaceOrientationPortrait UIInterfaceOrientationLandscapeLeft UIInterfaceOrientationLandscapeRight";
				LD_RUNPATH_SEARCH_PATHS = (
					"$(inherited)",
					"@executable_path/Frameworks",
				);
				MARKETING_VERSION = 1.0;
				PRODUCT_BUNDLE_IDENTIFIER = jojo.TpNoteSwift;
				PRODUCT_NAME = "$(TARGET_NAME)";
				SWIFT_EMIT_LOC_STRINGS = YES;
				SWIFT_VERSION = 5.0;
				TARGETED_DEVICE_FAMILY = "1,2";
			};
			name = Release;
		};
		ED56C891294865AC005B12A5 /* Debug */ = {
			isa = XCBuildConfiguration;
			buildSettings = {
				ALWAYS_EMBED_SWIFT_STANDARD_LIBRARIES = YES;
				BUNDLE_LOADER = "$(TEST_HOST)";
				CODE_SIGN_STYLE = Automatic;
				CURRENT_PROJECT_VERSION = 1;
				GENERATE_INFOPLIST_FILE = YES;
				IPHONEOS_DEPLOYMENT_TARGET = 16.1;
				MARKETING_VERSION = 1.0;
				PRODUCT_BUNDLE_IDENTIFIER = jojo.TpNoteSwiftTests;
				PRODUCT_NAME = "$(TARGET_NAME)";
				SWIFT_EMIT_LOC_STRINGS = NO;
				SWIFT_VERSION = 5.0;
				TARGETED_DEVICE_FAMILY = "1,2";
				TEST_HOST = "$(BUILT_PRODUCTS_DIR)/TpNoteSwift.app/$(BUNDLE_EXECUTABLE_FOLDER_PATH)/TpNoteSwift";
			};
			name = Debug;
		};
		ED56C892294865AC005B12A5 /* Release */ = {
			isa = XCBuildConfiguration;
			buildSettings = {
				ALWAYS_EMBED_SWIFT_STANDARD_LIBRARIES = YES;
				BUNDLE_LOADER = "$(TEST_HOST)";
				CODE_SIGN_STYLE = Automatic;
				CURRENT_PROJECT_VERSION = 1;
				GENERATE_INFOPLIST_FILE = YES;
				IPHONEOS_DEPLOYMENT_TARGET = 16.1;
				MARKETING_VERSION = 1.0;
				PRODUCT_BUNDLE_IDENTIFIER = jojo.TpNoteSwiftTests;
				PRODUCT_NAME = "$(TARGET_NAME)";
				SWIFT_EMIT_LOC_STRINGS = NO;
				SWIFT_VERSION = 5.0;
				TARGETED_DEVICE_FAMILY = "1,2";
				TEST_HOST = "$(BUILT_PRODUCTS_DIR)/TpNoteSwift.app/$(BUNDLE_EXECUTABLE_FOLDER_PATH)/TpNoteSwift";
			};
			name = Release;
		};
		ED56C894294865AC005B12A5 /* Debug */ = {
			isa = XCBuildConfiguration;
			buildSettings = {
				ALWAYS_EMBED_SWIFT_STANDARD_LIBRARIES = YES;
				CODE_SIGN_STYLE = Automatic;
				CURRENT_PROJECT_VERSION = 1;
				GENERATE_INFOPLIST_FILE = YES;
				MARKETING_VERSION = 1.0;
				PRODUCT_BUNDLE_IDENTIFIER = jojo.TpNoteSwiftUITests;
				PRODUCT_NAME = "$(TARGET_NAME)";
				SWIFT_EMIT_LOC_STRINGS = NO;
				SWIFT_VERSION = 5.0;
				TARGETED_DEVICE_FAMILY = "1,2";
				TEST_TARGET_NAME = TpNoteSwift;
			};
			name = Debug;
		};
		ED56C895294865AC005B12A5 /* Release */ = {
			isa = XCBuildConfiguration;
			buildSettings = {
				ALWAYS_EMBED_SWIFT_STANDARD_LIBRARIES = YES;
				CODE_SIGN_STYLE = Automatic;
				CURRENT_PROJECT_VERSION = 1;
				GENERATE_INFOPLIST_FILE = YES;
				MARKETING_VERSION = 1.0;
				PRODUCT_BUNDLE_IDENTIFIER = jojo.TpNoteSwiftUITests;
				PRODUCT_NAME = "$(TARGET_NAME)";
				SWIFT_EMIT_LOC_STRINGS = NO;
				SWIFT_VERSION = 5.0;
				TARGETED_DEVICE_FAMILY = "1,2";
				TEST_TARGET_NAME = TpNoteSwift;
			};
			name = Release;
		};
/* End XCBuildConfiguration section */

/* Begin XCConfigurationList section */
		ED56C85E294865AA005B12A5 /* Build configuration list for PBXProject "TpNoteSwift" */ = {
			isa = XCConfigurationList;
			buildConfigurations = (
				ED56C88B294865AC005B12A5 /* Debug */,
				ED56C88C294865AC005B12A5 /* Release */,
			);
			defaultConfigurationIsVisible = 0;
			defaultConfigurationName = Release;
		};
		ED56C88D294865AC005B12A5 /* Build configuration list for PBXNativeTarget "TpNoteSwift" */ = {
			isa = XCConfigurationList;
			buildConfigurations = (
				ED56C88E294865AC005B12A5 /* Debug */,
				ED56C88F294865AC005B12A5 /* Release */,
			);
			defaultConfigurationIsVisible = 0;
			defaultConfigurationName = Release;
		};
		ED56C890294865AC005B12A5 /* Build configuration list for PBXNativeTarget "TpNoteSwiftTests" */ = {
			isa = XCConfigurationList;
			buildConfigurations = (
				ED56C891294865AC005B12A5 /* Debug */,
				ED56C892294865AC005B12A5 /* Release */,
			);
			defaultConfigurationIsVisible = 0;
			defaultConfigurationName = Release;
		};
		ED56C893294865AC005B12A5 /* Build configuration list for PBXNativeTarget "TpNoteSwiftUITests" */ = {
			isa = XCConfigurationList;
			buildConfigurations = (
				ED56C894294865AC005B12A5 /* Debug */,
				ED56C895294865AC005B12A5 /* Release */,
			);
			defaultConfigurationIsVisible = 0;
			defaultConfigurationName = Release;
		};
/* End XCConfigurationList section */
	};
	rootObject = ED56C85B294865AA005B12A5 /* Project object */;
}
