// !$*UTF8*$!
{
	archiveVersion = 1;
	classes = {
	};
	objectVersion = 56;
	objects = {

/* Begin PBXBuildFile section */
		ED4B0BFA2948AB2F00AE92B7 /* NetworkManager.swift in Sources */ = {isa = PBXBuildFile; fileRef = ED4B0BF92948AB2F00AE92B7 /* NetworkManager.swift */; };
		ED4B0BFC2948B14700AE92B7 /* AlbumPhotosViewController.swift in Sources */ = {isa = PBXBuildFile; fileRef = ED4B0BFB2948B14700AE92B7 /* AlbumPhotosViewController.swift */; };
		ED4B0BFE2948B19800AE92B7 /* ImageViewCell.swift in Sources */ = {isa = PBXBuildFile; fileRef = ED4B0BFD2948B19800AE92B7 /* ImageViewCell.swift */; };
		ED4B0C002948B7AE00AE92B7 /* MapViewController.swift in Sources */ = {isa = PBXBuildFile; fileRef = ED4B0BFF2948B7AE00AE92B7 /* MapViewController.swift */; };
		ED56C8D929486936005B12A5 /* AppDelegate.swift in Sources */ = {isa = PBXBuildFile; fileRef = ED56C8D829486936005B12A5 /* AppDelegate.swift */; };
		ED56C8DB29486936005B12A5 /* SceneDelegate.swift in Sources */ = {isa = PBXBuildFile; fileRef = ED56C8DA29486936005B12A5 /* SceneDelegate.swift */; };
		ED56C8DD29486936005B12A5 /* ViewController.swift in Sources */ = {isa = PBXBuildFile; fileRef = ED56C8DC29486936005B12A5 /* ViewController.swift */; };
		ED56C8E029486936005B12A5 /* Main.storyboard in Resources */ = {isa = PBXBuildFile; fileRef = ED56C8DE29486936005B12A5 /* Main.storyboard */; };
		ED56C8E229486937005B12A5 /* Assets.xcassets in Resources */ = {isa = PBXBuildFile; fileRef = ED56C8E129486937005B12A5 /* Assets.xcassets */; };
		ED56C8E529486937005B12A5 /* LaunchScreen.storyboard in Resources */ = {isa = PBXBuildFile; fileRef = ED56C8E329486937005B12A5 /* LaunchScreen.storyboard */; };
		ED56C8F029486938005B12A5 /* TpFinalSwiftTests.swift in Sources */ = {isa = PBXBuildFile; fileRef = ED56C8EF29486938005B12A5 /* TpFinalSwiftTests.swift */; };
		ED56C8FA29486938005B12A5 /* TpFinalSwiftUITests.swift in Sources */ = {isa = PBXBuildFile; fileRef = ED56C8F929486938005B12A5 /* TpFinalSwiftUITests.swift */; };
		ED56C8FC29486938005B12A5 /* TpFinalSwiftUITestsLaunchTests.swift in Sources */ = {isa = PBXBuildFile; fileRef = ED56C8FB29486938005B12A5 /* TpFinalSwiftUITestsLaunchTests.swift */; };
		ED56C90929486C39005B12A5 /* UserJsonDownloader.swift in Sources */ = {isa = PBXBuildFile; fileRef = ED56C90829486C39005B12A5 /* UserJsonDownloader.swift */; };
		ED56C90B29486C81005B12A5 /* Users.swift in Sources */ = {isa = PBXBuildFile; fileRef = ED56C90A29486C81005B12A5 /* Users.swift */; };
		ED56C90D29486CEC005B12A5 /* UserListViewController.swift in Sources */ = {isa = PBXBuildFile; fileRef = ED56C90C29486CEC005B12A5 /* UserListViewController.swift */; };
		ED56C913294881F2005B12A5 /* UserViewCell.swift in Sources */ = {isa = PBXBuildFile; fileRef = ED56C912294881F2005B12A5 /* UserViewCell.swift */; };
		ED56C915294888D1005B12A5 /* UserGalleriesViewController.swift in Sources */ = {isa = PBXBuildFile; fileRef = ED56C914294888D1005B12A5 /* UserGalleriesViewController.swift */; };
		ED56C91729488988005B12A5 /* Gallery.swift in Sources */ = {isa = PBXBuildFile; fileRef = ED56C91629488988005B12A5 /* Gallery.swift */; };
		ED56C91929488A23005B12A5 /* UserGalleryDownloader.swift in Sources */ = {isa = PBXBuildFile; fileRef = ED56C91829488A23005B12A5 /* UserGalleryDownloader.swift */; };
		ED56C91B29489802005B12A5 /* AlbumViewCell.swift in Sources */ = {isa = PBXBuildFile; fileRef = ED56C91A29489802005B12A5 /* AlbumViewCell.swift */; };
		ED56C91F2948A1E0005B12A5 /* UserPhotosDownloader.swift in Sources */ = {isa = PBXBuildFile; fileRef = ED56C91E2948A1E0005B12A5 /* UserPhotosDownloader.swift */; };
		ED56C9212948A428005B12A5 /* Photos.swift in Sources */ = {isa = PBXBuildFile; fileRef = ED56C9202948A428005B12A5 /* Photos.swift */; };
/* End PBXBuildFile section */

/* Begin PBXContainerItemProxy section */
		ED56C8EC29486938005B12A5 /* PBXContainerItemProxy */ = {
			isa = PBXContainerItemProxy;
			containerPortal = ED56C8CD29486936005B12A5 /* Project object */;
			proxyType = 1;
			remoteGlobalIDString = ED56C8D429486936005B12A5;
			remoteInfo = TpFinalSwift;
		};
		ED56C8F629486938005B12A5 /* PBXContainerItemProxy */ = {
			isa = PBXContainerItemProxy;
			containerPortal = ED56C8CD29486936005B12A5 /* Project object */;
			proxyType = 1;
			remoteGlobalIDString = ED56C8D429486936005B12A5;
			remoteInfo = TpFinalSwift;
		};
/* End PBXContainerItemProxy section */

/* Begin PBXFileReference section */
		ED4B0BF92948AB2F00AE92B7 /* NetworkManager.swift */ = {isa = PBXFileReference; fileEncoding = 4; lastKnownFileType = sourcecode.swift; path = NetworkManager.swift; sourceTree = "<group>"; };
		ED4B0BFB2948B14700AE92B7 /* AlbumPhotosViewController.swift */ = {isa = PBXFileReference; lastKnownFileType = sourcecode.swift; path = AlbumPhotosViewController.swift; sourceTree = "<group>"; };
		ED4B0BFD2948B19800AE92B7 /* ImageViewCell.swift */ = {isa = PBXFileReference; lastKnownFileType = sourcecode.swift; path = ImageViewCell.swift; sourceTree = "<group>"; };
		ED4B0BFF2948B7AE00AE92B7 /* MapViewController.swift */ = {isa = PBXFileReference; lastKnownFileType = sourcecode.swift; path = MapViewController.swift; sourceTree = "<group>"; };
		ED56C8D529486936005B12A5 /* TpFinalSwift.app */ = {isa = PBXFileReference; explicitFileType = wrapper.application; includeInIndex = 0; path = TpFinalSwift.app; sourceTree = BUILT_PRODUCTS_DIR; };
		ED56C8D829486936005B12A5 /* AppDelegate.swift */ = {isa = PBXFileReference; lastKnownFileType = sourcecode.swift; path = AppDelegate.swift; sourceTree = "<group>"; };
		ED56C8DA29486936005B12A5 /* SceneDelegate.swift */ = {isa = PBXFileReference; lastKnownFileType = sourcecode.swift; path = SceneDelegate.swift; sourceTree = "<group>"; };
		ED56C8DC29486936005B12A5 /* ViewController.swift */ = {isa = PBXFileReference; lastKnownFileType = sourcecode.swift; path = ViewController.swift; sourceTree = "<group>"; };
		ED56C8DF29486936005B12A5 /* Base */ = {isa = PBXFileReference; lastKnownFileType = file.storyboard; name = Base; path = Base.lproj/Main.storyboard; sourceTree = "<group>"; };
		ED56C8E129486937005B12A5 /* Assets.xcassets */ = {isa = PBXFileReference; lastKnownFileType = folder.assetcatalog; path = Assets.xcassets; sourceTree = "<group>"; };
		ED56C8E429486937005B12A5 /* Base */ = {isa = PBXFileReference; lastKnownFileType = file.storyboard; name = Base; path = Base.lproj/LaunchScreen.storyboard; sourceTree = "<group>"; };
		ED56C8E629486937005B12A5 /* Info.plist */ = {isa = PBXFileReference; lastKnownFileType = text.plist.xml; path = Info.plist; sourceTree = "<group>"; };
		ED56C8EB29486938005B12A5 /* TpFinalSwiftTests.xctest */ = {isa = PBXFileReference; explicitFileType = wrapper.cfbundle; includeInIndex = 0; path = TpFinalSwiftTests.xctest; sourceTree = BUILT_PRODUCTS_DIR; };
		ED56C8EF29486938005B12A5 /* TpFinalSwiftTests.swift */ = {isa = PBXFileReference; lastKnownFileType = sourcecode.swift; path = TpFinalSwiftTests.swift; sourceTree = "<group>"; };
		ED56C8F529486938005B12A5 /* TpFinalSwiftUITests.xctest */ = {isa = PBXFileReference; explicitFileType = wrapper.cfbundle; includeInIndex = 0; path = TpFinalSwiftUITests.xctest; sourceTree = BUILT_PRODUCTS_DIR; };
		ED56C8F929486938005B12A5 /* TpFinalSwiftUITests.swift */ = {isa = PBXFileReference; lastKnownFileType = sourcecode.swift; path = TpFinalSwiftUITests.swift; sourceTree = "<group>"; };
		ED56C8FB29486938005B12A5 /* TpFinalSwiftUITestsLaunchTests.swift */ = {isa = PBXFileReference; lastKnownFileType = sourcecode.swift; path = TpFinalSwiftUITestsLaunchTests.swift; sourceTree = "<group>"; };
		ED56C90829486C39005B12A5 /* UserJsonDownloader.swift */ = {isa = PBXFileReference; lastKnownFileType = sourcecode.swift; path = UserJsonDownloader.swift; sourceTree = "<group>"; };
		ED56C90A29486C81005B12A5 /* Users.swift */ = {isa = PBXFileReference; fileEncoding = 4; lastKnownFileType = sourcecode.swift; path = Users.swift; sourceTree = "<group>"; };
		ED56C90C29486CEC005B12A5 /* UserListViewController.swift */ = {isa = PBXFileReference; lastKnownFileType = sourcecode.swift; path = UserListViewController.swift; sourceTree = "<group>"; };
		ED56C912294881F2005B12A5 /* UserViewCell.swift */ = {isa = PBXFileReference; lastKnownFileType = sourcecode.swift; path = UserViewCell.swift; sourceTree = "<group>"; };
		ED56C914294888D1005B12A5 /* UserGalleriesViewController.swift */ = {isa = PBXFileReference; lastKnownFileType = sourcecode.swift; path = UserGalleriesViewController.swift; sourceTree = "<group>"; };
		ED56C91629488988005B12A5 /* Gallery.swift */ = {isa = PBXFileReference; lastKnownFileType = sourcecode.swift; path = Gallery.swift; sourceTree = "<group>"; };
		ED56C91829488A23005B12A5 /* UserGalleryDownloader.swift */ = {isa = PBXFileReference; lastKnownFileType = sourcecode.swift; path = UserGalleryDownloader.swift; sourceTree = "<group>"; };
		ED56C91A29489802005B12A5 /* AlbumViewCell.swift */ = {isa = PBXFileReference; lastKnownFileType = sourcecode.swift; path = AlbumViewCell.swift; sourceTree = "<group>"; };
		ED56C91E2948A1E0005B12A5 /* UserPhotosDownloader.swift */ = {isa = PBXFileReference; lastKnownFileType = sourcecode.swift; path = UserPhotosDownloader.swift; sourceTree = "<group>"; };
		ED56C9202948A428005B12A5 /* Photos.swift */ = {isa = PBXFileReference; lastKnownFileType = sourcecode.swift; path = Photos.swift; sourceTree = "<group>"; };
/* End PBXFileReference section */

/* Begin PBXFrameworksBuildPhase section */
		ED56C8D229486936005B12A5 /* Frameworks */ = {
			isa = PBXFrameworksBuildPhase;
			buildActionMask = 2147483647;
			files = (
			);
			runOnlyForDeploymentPostprocessing = 0;
		};
		ED56C8E829486938005B12A5 /* Frameworks */ = {
			isa = PBXFrameworksBuildPhase;
			buildActionMask = 2147483647;
			files = (
			);
			runOnlyForDeploymentPostprocessing = 0;
		};
		ED56C8F229486938005B12A5 /* Frameworks */ = {
			isa = PBXFrameworksBuildPhase;
			buildActionMask = 2147483647;
			files = (
			);
			runOnlyForDeploymentPostprocessing = 0;
		};
/* End PBXFrameworksBuildPhase section */

/* Begin PBXGroup section */
		ED56C8CC29486936005B12A5 = {
			isa = PBXGroup;
			children = (
				ED56C8D729486936005B12A5 /* TpFinalSwift */,
				ED56C8EE29486938005B12A5 /* TpFinalSwiftTests */,
				ED56C8F829486938005B12A5 /* TpFinalSwiftUITests */,
				ED56C8D629486936005B12A5 /* Products */,
			);
			sourceTree = "<group>";
		};
		ED56C8D629486936005B12A5 /* Products */ = {
			isa = PBXGroup;
			children = (
				ED56C8D529486936005B12A5 /* TpFinalSwift.app */,
				ED56C8EB29486938005B12A5 /* TpFinalSwiftTests.xctest */,
				ED56C8F529486938005B12A5 /* TpFinalSwiftUITests.xctest */,
			);
			name = Products;
			sourceTree = "<group>";
		};
		ED56C8D729486936005B12A5 /* TpFinalSwift */ = {
			isa = PBXGroup;
			children = (
				ED4B0BF92948AB2F00AE92B7 /* NetworkManager.swift */,
				ED56C912294881F2005B12A5 /* UserViewCell.swift */,
				ED56C91A29489802005B12A5 /* AlbumViewCell.swift */,
				ED56C8D829486936005B12A5 /* AppDelegate.swift */,
				ED56C8DA29486936005B12A5 /* SceneDelegate.swift */,
				ED56C8DC29486936005B12A5 /* ViewController.swift */,
				ED56C90C29486CEC005B12A5 /* UserListViewController.swift */,
				ED56C8DE29486936005B12A5 /* Main.storyboard */,
				ED4B0BFF2948B7AE00AE92B7 /* MapViewController.swift */,
				ED4B0BFD2948B19800AE92B7 /* ImageViewCell.swift */,
				ED56C8E129486937005B12A5 /* Assets.xcassets */,
				ED56C8E329486937005B12A5 /* LaunchScreen.storyboard */,
				ED56C8E629486937005B12A5 /* Info.plist */,
				ED56C90829486C39005B12A5 /* UserJsonDownloader.swift */,
				ED56C90A29486C81005B12A5 /* Users.swift */,
				ED56C914294888D1005B12A5 /* UserGalleriesViewController.swift */,
				ED56C91629488988005B12A5 /* Gallery.swift */,
				ED56C91829488A23005B12A5 /* UserGalleryDownloader.swift */,
				ED56C91E2948A1E0005B12A5 /* UserPhotosDownloader.swift */,
				ED56C9202948A428005B12A5 /* Photos.swift */,
				ED4B0BFB2948B14700AE92B7 /* AlbumPhotosViewController.swift */,
			);
			path = TpFinalSwift;
			sourceTree = "<group>";
		};
		ED56C8EE29486938005B12A5 /* TpFinalSwiftTests */ = {
			isa = PBXGroup;
			children = (
				ED56C8EF29486938005B12A5 /* TpFinalSwiftTests.swift */,
			);
			path = TpFinalSwiftTests;
			sourceTree = "<group>";
		};
		ED56C8F829486938005B12A5 /* TpFinalSwiftUITests */ = {
			isa = PBXGroup;
			children = (
				ED56C8F929486938005B12A5 /* TpFinalSwiftUITests.swift */,
				ED56C8FB29486938005B12A5 /* TpFinalSwiftUITestsLaunchTests.swift */,
			);
			path = TpFinalSwiftUITests;
			sourceTree = "<group>";
		};
/* End PBXGroup section */

/* Begin PBXNativeTarget section */
		ED56C8D429486936005B12A5 /* TpFinalSwift */ = {
			isa = PBXNativeTarget;
			buildConfigurationList = ED56C8FF29486938005B12A5 /* Build configuration list for PBXNativeTarget "TpFinalSwift" */;
			buildPhases = (
				ED56C8D129486936005B12A5 /* Sources */,
				ED56C8D229486936005B12A5 /* Frameworks */,
				ED56C8D329486936005B12A5 /* Resources */,
			);
			buildRules = (
			);
			dependencies = (
			);
			name = TpFinalSwift;
			productName = TpFinalSwift;
			productReference = ED56C8D529486936005B12A5 /* TpFinalSwift.app */;
			productType = "com.apple.product-type.application";
		};
		ED56C8EA29486938005B12A5 /* TpFinalSwiftTests */ = {
			isa = PBXNativeTarget;
			buildConfigurationList = ED56C90229486938005B12A5 /* Build configuration list for PBXNativeTarget "TpFinalSwiftTests" */;
			buildPhases = (
				ED56C8E729486938005B12A5 /* Sources */,
				ED56C8E829486938005B12A5 /* Frameworks */,
				ED56C8E929486938005B12A5 /* Resources */,
			);
			buildRules = (
			);
			dependencies = (
				ED56C8ED29486938005B12A5 /* PBXTargetDependency */,
			);
			name = TpFinalSwiftTests;
			productName = TpFinalSwiftTests;
			productReference = ED56C8EB29486938005B12A5 /* TpFinalSwiftTests.xctest */;
			productType = "com.apple.product-type.bundle.unit-test";
		};
		ED56C8F429486938005B12A5 /* TpFinalSwiftUITests */ = {
			isa = PBXNativeTarget;
			buildConfigurationList = ED56C90529486938005B12A5 /* Build configuration list for PBXNativeTarget "TpFinalSwiftUITests" */;
			buildPhases = (
				ED56C8F129486938005B12A5 /* Sources */,
				ED56C8F229486938005B12A5 /* Frameworks */,
				ED56C8F329486938005B12A5 /* Resources */,
			);
			buildRules = (
			);
			dependencies = (
				ED56C8F729486938005B12A5 /* PBXTargetDependency */,
			);
			name = TpFinalSwiftUITests;
			productName = TpFinalSwiftUITests;
			productReference = ED56C8F529486938005B12A5 /* TpFinalSwiftUITests.xctest */;
			productType = "com.apple.product-type.bundle.ui-testing";
		};
/* End PBXNativeTarget section */

/* Begin PBXProject section */
		ED56C8CD29486936005B12A5 /* Project object */ = {
			isa = PBXProject;
			attributes = {
				BuildIndependentTargetsInParallel = 1;
				LastSwiftUpdateCheck = 1410;
				LastUpgradeCheck = 1410;
				TargetAttributes = {
					ED56C8D429486936005B12A5 = {
						CreatedOnToolsVersion = 14.1;
					};
					ED56C8EA29486938005B12A5 = {
						CreatedOnToolsVersion = 14.1;
						TestTargetID = ED56C8D429486936005B12A5;
					};
					ED56C8F429486938005B12A5 = {
						CreatedOnToolsVersion = 14.1;
						TestTargetID = ED56C8D429486936005B12A5;
					};
				};
			};
			buildConfigurationList = ED56C8D029486936005B12A5 /* Build configuration list for PBXProject "TpFinalSwift" */;
			compatibilityVersion = "Xcode 14.0";
			developmentRegion = en;
			hasScannedForEncodings = 0;
			knownRegions = (
				en,
				Base,
			);
			mainGroup = ED56C8CC29486936005B12A5;
			productRefGroup = ED56C8D629486936005B12A5 /* Products */;
			projectDirPath = "";
			projectRoot = "";
			targets = (
				ED56C8D429486936005B12A5 /* TpFinalSwift */,
				ED56C8EA29486938005B12A5 /* TpFinalSwiftTests */,
				ED56C8F429486938005B12A5 /* TpFinalSwiftUITests */,
			);
		};
/* End PBXProject section */

/* Begin PBXResourcesBuildPhase section */
		ED56C8D329486936005B12A5 /* Resources */ = {
			isa = PBXResourcesBuildPhase;
			buildActionMask = 2147483647;
			files = (
				ED56C8E529486937005B12A5 /* LaunchScreen.storyboard in Resources */,
				ED56C8E229486937005B12A5 /* Assets.xcassets in Resources */,
				ED56C8E029486936005B12A5 /* Main.storyboard in Resources */,
			);
			runOnlyForDeploymentPostprocessing = 0;
		};
		ED56C8E929486938005B12A5 /* Resources */ = {
			isa = PBXResourcesBuildPhase;
			buildActionMask = 2147483647;
			files = (
			);
			runOnlyForDeploymentPostprocessing = 0;
		};
		ED56C8F329486938005B12A5 /* Resources */ = {
			isa = PBXResourcesBuildPhase;
			buildActionMask = 2147483647;
			files = (
			);
			runOnlyForDeploymentPostprocessing = 0;
		};
/* End PBXResourcesBuildPhase section */

/* Begin PBXSourcesBuildPhase section */
		ED56C8D129486936005B12A5 /* Sources */ = {
			isa = PBXSourcesBuildPhase;
			buildActionMask = 2147483647;
			files = (
				ED56C91929488A23005B12A5 /* UserGalleryDownloader.swift in Sources */,
				ED56C91B29489802005B12A5 /* AlbumViewCell.swift in Sources */,
				ED56C8DD29486936005B12A5 /* ViewController.swift in Sources */,
				ED56C91729488988005B12A5 /* Gallery.swift in Sources */,
				ED56C913294881F2005B12A5 /* UserViewCell.swift in Sources */,
				ED56C91F2948A1E0005B12A5 /* UserPhotosDownloader.swift in Sources */,
				ED56C8D929486936005B12A5 /* AppDelegate.swift in Sources */,
				ED4B0BFC2948B14700AE92B7 /* AlbumPhotosViewController.swift in Sources */,
				ED56C9212948A428005B12A5 /* Photos.swift in Sources */,
				ED56C90B29486C81005B12A5 /* Users.swift in Sources */,
				ED56C8DB29486936005B12A5 /* SceneDelegate.swift in Sources */,
				ED4B0BFA2948AB2F00AE92B7 /* NetworkManager.swift in Sources */,
				ED4B0BFE2948B19800AE92B7 /* ImageViewCell.swift in Sources */,
				ED56C90929486C39005B12A5 /* UserJsonDownloader.swift in Sources */,
				ED56C915294888D1005B12A5 /* UserGalleriesViewController.swift in Sources */,
				ED56C90D29486CEC005B12A5 /* UserListViewController.swift in Sources */,
				ED4B0C002948B7AE00AE92B7 /* MapViewController.swift in Sources */,
			);
			runOnlyForDeploymentPostprocessing = 0;
		};
		ED56C8E729486938005B12A5 /* Sources */ = {
			isa = PBXSourcesBuildPhase;
			buildActionMask = 2147483647;
			files = (
				ED56C8F029486938005B12A5 /* TpFinalSwiftTests.swift in Sources */,
			);
			runOnlyForDeploymentPostprocessing = 0;
		};
		ED56C8F129486938005B12A5 /* Sources */ = {
			isa = PBXSourcesBuildPhase;
			buildActionMask = 2147483647;
			files = (
				ED56C8FA29486938005B12A5 /* TpFinalSwiftUITests.swift in Sources */,
				ED56C8FC29486938005B12A5 /* TpFinalSwiftUITestsLaunchTests.swift in Sources */,
			);
			runOnlyForDeploymentPostprocessing = 0;
		};
/* End PBXSourcesBuildPhase section */

/* Begin PBXTargetDependency section */
		ED56C8ED29486938005B12A5 /* PBXTargetDependency */ = {
			isa = PBXTargetDependency;
			target = ED56C8D429486936005B12A5 /* TpFinalSwift */;
			targetProxy = ED56C8EC29486938005B12A5 /* PBXContainerItemProxy */;
		};
		ED56C8F729486938005B12A5 /* PBXTargetDependency */ = {
			isa = PBXTargetDependency;
			target = ED56C8D429486936005B12A5 /* TpFinalSwift */;
			targetProxy = ED56C8F629486938005B12A5 /* PBXContainerItemProxy */;
		};
/* End PBXTargetDependency section */

/* Begin PBXVariantGroup section */
		ED56C8DE29486936005B12A5 /* Main.storyboard */ = {
			isa = PBXVariantGroup;
			children = (
				ED56C8DF29486936005B12A5 /* Base */,
			);
			name = Main.storyboard;
			sourceTree = "<group>";
		};
		ED56C8E329486937005B12A5 /* LaunchScreen.storyboard */ = {
			isa = PBXVariantGroup;
			children = (
				ED56C8E429486937005B12A5 /* Base */,
			);
			name = LaunchScreen.storyboard;
			sourceTree = "<group>";
		};
/* End PBXVariantGroup section */

/* Begin XCBuildConfiguration section */
		ED56C8FD29486938005B12A5 /* Debug */ = {
			isa = XCBuildConfiguration;
			buildSettings = {
				ALWAYS_SEARCH_USER_PATHS = NO;
				CLANG_ANALYZER_NONNULL = YES;
				CLANG_ANALYZER_NUMBER_OBJECT_CONVERSION = YES_AGGRESSIVE;
				CLANG_CXX_LANGUAGE_STANDARD = "gnu++20";
				CLANG_ENABLE_MODULES = YES;
				CLANG_ENABLE_OBJC_ARC = YES;
				CLANG_ENABLE_OBJC_WEAK = YES;
				CLANG_WARN_BLOCK_CAPTURE_AUTORELEASING = YES;
				CLANG_WARN_BOOL_CONVERSION = YES;
				CLANG_WARN_COMMA = YES;
				CLANG_WARN_CONSTANT_CONVERSION = YES;
				CLANG_WARN_DEPRECATED_OBJC_IMPLEMENTATIONS = YES;
				CLANG_WARN_DIRECT_OBJC_ISA_USAGE = YES_ERROR;
				CLANG_WARN_DOCUMENTATION_COMMENTS = YES;
				CLANG_WARN_EMPTY_BODY = YES;
				CLANG_WARN_ENUM_CONVERSION = YES;
				CLANG_WARN_INFINITE_RECURSION = YES;
				CLANG_WARN_INT_CONVERSION = YES;
				CLANG_WARN_NON_LITERAL_NULL_CONVERSION = YES;
				CLANG_WARN_OBJC_IMPLICIT_RETAIN_SELF = YES;
				CLANG_WARN_OBJC_LITERAL_CONVERSION = YES;
				CLANG_WARN_OBJC_ROOT_CLASS = YES_ERROR;
				CLANG_WARN_QUOTED_INCLUDE_IN_FRAMEWORK_HEADER = YES;
				CLANG_WARN_RANGE_LOOP_ANALYSIS = YES;
				CLANG_WARN_STRICT_PROTOTYPES = YES;
				CLANG_WARN_SUSPICIOUS_MOVE = YES;
				CLANG_WARN_UNGUARDED_AVAILABILITY = YES_AGGRESSIVE;
				CLANG_WARN_UNREACHABLE_CODE = YES;
				CLANG_WARN__DUPLICATE_METHOD_MATCH = YES;
				COPY_PHASE_STRIP = NO;
				DEBUG_INFORMATION_FORMAT = dwarf;
				ENABLE_STRICT_OBJC_MSGSEND = YES;
				ENABLE_TESTABILITY = YES;
				GCC_C_LANGUAGE_STANDARD = gnu11;
				GCC_DYNAMIC_NO_PIC = NO;
				GCC_NO_COMMON_BLOCKS = YES;
				GCC_OPTIMIZATION_LEVEL = 0;
				GCC_PREPROCESSOR_DEFINITIONS = (
					"DEBUG=1",
					"$(inherited)",
				);
				GCC_WARN_64_TO_32_BIT_CONVERSION = YES;
				GCC_WARN_ABOUT_RETURN_TYPE = YES_ERROR;
				GCC_WARN_UNDECLARED_SELECTOR = YES;
				GCC_WARN_UNINITIALIZED_AUTOS = YES_AGGRESSIVE;
				GCC_WARN_UNUSED_FUNCTION = YES;
				GCC_WARN_UNUSED_VARIABLE = YES;
				IPHONEOS_DEPLOYMENT_TARGET = 16.1;
				MTL_ENABLE_DEBUG_INFO = INCLUDE_SOURCE;
				MTL_FAST_MATH = YES;
				ONLY_ACTIVE_ARCH = YES;
				SDKROOT = iphoneos;
				SWIFT_ACTIVE_COMPILATION_CONDITIONS = DEBUG;
				SWIFT_OPTIMIZATION_LEVEL = "-Onone";
			};
			name = Debug;
		};
		ED56C8FE29486938005B12A5 /* Release */ = {
			isa = XCBuildConfiguration;
			buildSettings = {
				ALWAYS_SEARCH_USER_PATHS = NO;
				CLANG_ANALYZER_NONNULL = YES;
				CLANG_ANALYZER_NUMBER_OBJECT_CONVERSION = YES_AGGRESSIVE;
				CLANG_CXX_LANGUAGE_STANDARD = "gnu++20";
				CLANG_ENABLE_MODULES = YES;
				CLANG_ENABLE_OBJC_ARC = YES;
				CLANG_ENABLE_OBJC_WEAK = YES;
				CLANG_WARN_BLOCK_CAPTURE_AUTORELEASING = YES;
				CLANG_WARN_BOOL_CONVERSION = YES;
				CLANG_WARN_COMMA = YES;
				CLANG_WARN_CONSTANT_CONVERSION = YES;
				CLANG_WARN_DEPRECATED_OBJC_IMPLEMENTATIONS = YES;
				CLANG_WARN_DIRECT_OBJC_ISA_USAGE = YES_ERROR;
				CLANG_WARN_DOCUMENTATION_COMMENTS = YES;
				CLANG_WARN_EMPTY_BODY = YES;
				CLANG_WARN_ENUM_CONVERSION = YES;
				CLANG_WARN_INFINITE_RECURSION = YES;
				CLANG_WARN_INT_CONVERSION = YES;
				CLANG_WARN_NON_LITERAL_NULL_CONVERSION = YES;
				CLANG_WARN_OBJC_IMPLICIT_RETAIN_SELF = YES;
				CLANG_WARN_OBJC_LITERAL_CONVERSION = YES;
				CLANG_WARN_OBJC_ROOT_CLASS = YES_ERROR;
				CLANG_WARN_QUOTED_INCLUDE_IN_FRAMEWORK_HEADER = YES;
				CLANG_WARN_RANGE_LOOP_ANALYSIS = YES;
				CLANG_WARN_STRICT_PROTOTYPES = YES;
				CLANG_WARN_SUSPICIOUS_MOVE = YES;
				CLANG_WARN_UNGUARDED_AVAILABILITY = YES_AGGRESSIVE;
				CLANG_WARN_UNREACHABLE_CODE = YES;
				CLANG_WARN__DUPLICATE_METHOD_MATCH = YES;
				COPY_PHASE_STRIP = NO;
				DEBUG_INFORMATION_FORMAT = "dwarf-with-dsym";
				ENABLE_NS_ASSERTIONS = NO;
				ENABLE_STRICT_OBJC_MSGSEND = YES;
				GCC_C_LANGUAGE_STANDARD = gnu11;
				GCC_NO_COMMON_BLOCKS = YES;
				GCC_WARN_64_TO_32_BIT_CONVERSION = YES;
				GCC_WARN_ABOUT_RETURN_TYPE = YES_ERROR;
				GCC_WARN_UNDECLARED_SELECTOR = YES;
				GCC_WARN_UNINITIALIZED_AUTOS = YES_AGGRESSIVE;
				GCC_WARN_UNUSED_FUNCTION = YES;
				GCC_WARN_UNUSED_VARIABLE = YES;
				IPHONEOS_DEPLOYMENT_TARGET = 16.1;
				MTL_ENABLE_DEBUG_INFO = NO;
				MTL_FAST_MATH = YES;
				SDKROOT = iphoneos;
				SWIFT_COMPILATION_MODE = wholemodule;
				SWIFT_OPTIMIZATION_LEVEL = "-O";
				VALIDATE_PRODUCT = YES;
			};
			name = Release;
		};
		ED56C90029486938005B12A5 /* Debug */ = {
			isa = XCBuildConfiguration;
			buildSettings = {
				ASSETCATALOG_COMPILER_APPICON_NAME = AppIcon;
				ASSETCATALOG_COMPILER_GLOBAL_ACCENT_COLOR_NAME = AccentColor;
				CODE_SIGN_STYLE = Automatic;
				CURRENT_PROJECT_VERSION = 1;
				GENERATE_INFOPLIST_FILE = YES;
				INFOPLIST_FILE = TpFinalSwift/Info.plist;
				INFOPLIST_KEY_UIApplicationSupportsIndirectInputEvents = YES;
				INFOPLIST_KEY_UILaunchStoryboardName = LaunchScreen;
				INFOPLIST_KEY_UIMainStoryboardFile = Main;
				INFOPLIST_KEY_UISupportedInterfaceOrientations_iPad = "UIInterfaceOrientationPortrait UIInterfaceOrientationPortraitUpsideDown UIInterfaceOrientationLandscapeLeft UIInterfaceOrientationLandscapeRight";
				INFOPLIST_KEY_UISupportedInterfaceOrientations_iPhone = "UIInterfaceOrientationPortrait UIInterfaceOrientationLandscapeLeft UIInterfaceOrientationLandscapeRight";
				LD_RUNPATH_SEARCH_PATHS = (
					"$(inherited)",
					"@executable_path/Frameworks",
				);
				MARKETING_VERSION = 1.0;
				PRODUCT_BUNDLE_IDENTIFIER = jojo.TpFinalSwift;
				PRODUCT_NAME = "$(TARGET_NAME)";
				SWIFT_EMIT_LOC_STRINGS = YES;
				SWIFT_VERSION = 5.0;
				TARGETED_DEVICE_FAMILY = "1,2";
			};
			name = Debug;
		};
		ED56C90129486938005B12A5 /* Release */ = {
			isa = XCBuildConfiguration;
			buildSettings = {
				ASSETCATALOG_COMPILER_APPICON_NAME = AppIcon;
				ASSETCATALOG_COMPILER_GLOBAL_ACCENT_COLOR_NAME = AccentColor;
				CODE_SIGN_STYLE = Automatic;
				CURRENT_PROJECT_VERSION = 1;
				GENERATE_INFOPLIST_FILE = YES;
				INFOPLIST_FILE = TpFinalSwift/Info.plist;
				INFOPLIST_KEY_UIApplicationSupportsIndirectInputEvents = YES;
				INFOPLIST_KEY_UILaunchStoryboardName = LaunchScreen;
				INFOPLIST_KEY_UIMainStoryboardFile = Main;
				INFOPLIST_KEY_UISupportedInterfaceOrientations_iPad = "UIInterfaceOrientationPortrait UIInterfaceOrientationPortraitUpsideDown UIInterfaceOrientationLandscapeLeft UIInterfaceOrientationLandscapeRight";
				INFOPLIST_KEY_UISupportedInterfaceOrientations_iPhone = "UIInterfaceOrientationPortrait UIInterfaceOrientationLandscapeLeft UIInterfaceOrientationLandscapeRight";
				LD_RUNPATH_SEARCH_PATHS = (
					"$(inherited)",
					"@executable_path/Frameworks",
				);
				MARKETING_VERSION = 1.0;
				PRODUCT_BUNDLE_IDENTIFIER = jojo.TpFinalSwift;
				PRODUCT_NAME = "$(TARGET_NAME)";
				SWIFT_EMIT_LOC_STRINGS = YES;
				SWIFT_VERSION = 5.0;
				TARGETED_DEVICE_FAMILY = "1,2";
			};
			name = Release;
		};
		ED56C90329486938005B12A5 /* Debug */ = {
			isa = XCBuildConfiguration;
			buildSettings = {
				ALWAYS_EMBED_SWIFT_STANDARD_LIBRARIES = YES;
				BUNDLE_LOADER = "$(TEST_HOST)";
				CODE_SIGN_STYLE = Automatic;
				CURRENT_PROJECT_VERSION = 1;
				GENERATE_INFOPLIST_FILE = YES;
				IPHONEOS_DEPLOYMENT_TARGET = 16.1;
				MARKETING_VERSION = 1.0;
				PRODUCT_BUNDLE_IDENTIFIER = jojo.TpFinalSwiftTests;
				PRODUCT_NAME = "$(TARGET_NAME)";
				SWIFT_EMIT_LOC_STRINGS = NO;
				SWIFT_VERSION = 5.0;
				TARGETED_DEVICE_FAMILY = "1,2";
				TEST_HOST = "$(BUILT_PRODUCTS_DIR)/TpFinalSwift.app/$(BUNDLE_EXECUTABLE_FOLDER_PATH)/TpFinalSwift";
			};
			name = Debug;
		};
		ED56C90429486938005B12A5 /* Release */ = {
			isa = XCBuildConfiguration;
			buildSettings = {
				ALWAYS_EMBED_SWIFT_STANDARD_LIBRARIES = YES;
				BUNDLE_LOADER = "$(TEST_HOST)";
				CODE_SIGN_STYLE = Automatic;
				CURRENT_PROJECT_VERSION = 1;
				GENERATE_INFOPLIST_FILE = YES;
				IPHONEOS_DEPLOYMENT_TARGET = 16.1;
				MARKETING_VERSION = 1.0;
				PRODUCT_BUNDLE_IDENTIFIER = jojo.TpFinalSwiftTests;
				PRODUCT_NAME = "$(TARGET_NAME)";
				SWIFT_EMIT_LOC_STRINGS = NO;
				SWIFT_VERSION = 5.0;
				TARGETED_DEVICE_FAMILY = "1,2";
				TEST_HOST = "$(BUILT_PRODUCTS_DIR)/TpFinalSwift.app/$(BUNDLE_EXECUTABLE_FOLDER_PATH)/TpFinalSwift";
			};
			name = Release;
		};
		ED56C90629486938005B12A5 /* Debug */ = {
			isa = XCBuildConfiguration;
			buildSettings = {
				ALWAYS_EMBED_SWIFT_STANDARD_LIBRARIES = YES;
				CODE_SIGN_STYLE = Automatic;
				CURRENT_PROJECT_VERSION = 1;
				GENERATE_INFOPLIST_FILE = YES;
				MARKETING_VERSION = 1.0;
				PRODUCT_BUNDLE_IDENTIFIER = jojo.TpFinalSwiftUITests;
				PRODUCT_NAME = "$(TARGET_NAME)";
				SWIFT_EMIT_LOC_STRINGS = NO;
				SWIFT_VERSION = 5.0;
				TARGETED_DEVICE_FAMILY = "1,2";
				TEST_TARGET_NAME = TpFinalSwift;
			};
			name = Debug;
		};
		ED56C90729486938005B12A5 /* Release */ = {
			isa = XCBuildConfiguration;
			buildSettings = {
				ALWAYS_EMBED_SWIFT_STANDARD_LIBRARIES = YES;
				CODE_SIGN_STYLE = Automatic;
				CURRENT_PROJECT_VERSION = 1;
				GENERATE_INFOPLIST_FILE = YES;
				MARKETING_VERSION = 1.0;
				PRODUCT_BUNDLE_IDENTIFIER = jojo.TpFinalSwiftUITests;
				PRODUCT_NAME = "$(TARGET_NAME)";
				SWIFT_EMIT_LOC_STRINGS = NO;
				SWIFT_VERSION = 5.0;
				TARGETED_DEVICE_FAMILY = "1,2";
				TEST_TARGET_NAME = TpFinalSwift;
			};
			name = Release;
		};
/* End XCBuildConfiguration section */

/* Begin XCConfigurationList section */
		ED56C8D029486936005B12A5 /* Build configuration list for PBXProject "TpFinalSwift" */ = {
			isa = XCConfigurationList;
			buildConfigurations = (
				ED56C8FD29486938005B12A5 /* Debug */,
				ED56C8FE29486938005B12A5 /* Release */,
			);
			defaultConfigurationIsVisible = 0;
			defaultConfigurationName = Release;
		};
		ED56C8FF29486938005B12A5 /* Build configuration list for PBXNativeTarget "TpFinalSwift" */ = {
			isa = XCConfigurationList;
			buildConfigurations = (
				ED56C90029486938005B12A5 /* Debug */,
				ED56C90129486938005B12A5 /* Release */,
			);
			defaultConfigurationIsVisible = 0;
			defaultConfigurationName = Release;
		};
		ED56C90229486938005B12A5 /* Build configuration list for PBXNativeTarget "TpFinalSwiftTests" */ = {
			isa = XCConfigurationList;
			buildConfigurations = (
				ED56C90329486938005B12A5 /* Debug */,
				ED56C90429486938005B12A5 /* Release */,
			);
			defaultConfigurationIsVisible = 0;
			defaultConfigurationName = Release;
		};
		ED56C90529486938005B12A5 /* Build configuration list for PBXNativeTarget "TpFinalSwiftUITests" */ = {
			isa = XCConfigurationList;
			buildConfigurations = (
				ED56C90629486938005B12A5 /* Debug */,
				ED56C90729486938005B12A5 /* Release */,
			);
			defaultConfigurationIsVisible = 0;
			defaultConfigurationName = Release;
		};
/* End XCConfigurationList section */
	};
	rootObject = ED56C8CD29486936005B12A5 /* Project object */;
}
