// !$*UTF8*$!
{
	archiveVersion = 1;
	classes = {
	};
	objectVersion = 56;
	objects = {

/* Begin PBXBuildFile section */
		ED56C8A32948685A005B12A5 /* TpFinalSwiftUIApp.swift in Sources */ = {isa = PBXBuildFile; fileRef = ED56C8A22948685A005B12A5 /* TpFinalSwiftUIApp.swift */; };
		ED56C8A52948685A005B12A5 /* ContentView.swift in Sources */ = {isa = PBXBuildFile; fileRef = ED56C8A42948685A005B12A5 /* ContentView.swift */; };
		ED56C8A72948685B005B12A5 /* Assets.xcassets in Resources */ = {isa = PBXBuildFile; fileRef = ED56C8A62948685B005B12A5 /* Assets.xcassets */; };
		ED56C8AA2948685B005B12A5 /* Preview Assets.xcassets in Resources */ = {isa = PBXBuildFile; fileRef = ED56C8A92948685B005B12A5 /* Preview Assets.xcassets */; };
		ED56C8B42948685B005B12A5 /* TpFinalSwiftUITests.swift in Sources */ = {isa = PBXBuildFile; fileRef = ED56C8B32948685B005B12A5 /* TpFinalSwiftUITests.swift */; };
		ED56C8BE2948685B005B12A5 /* TpFinalSwiftUIUITests.swift in Sources */ = {isa = PBXBuildFile; fileRef = ED56C8BD2948685B005B12A5 /* TpFinalSwiftUIUITests.swift */; };
		ED56C8C02948685B005B12A5 /* TpFinalSwiftUIUITestsLaunchTests.swift in Sources */ = {isa = PBXBuildFile; fileRef = ED56C8BF2948685B005B12A5 /* TpFinalSwiftUIUITestsLaunchTests.swift */; };
		ED56C90F29487A8E005B12A5 /* UserListDownloader.swift in Sources */ = {isa = PBXBuildFile; fileRef = ED56C90E29487A8E005B12A5 /* UserListDownloader.swift */; };
		ED56C91129487AAB005B12A5 /* Users.swift in Sources */ = {isa = PBXBuildFile; fileRef = ED56C91029487AAB005B12A5 /* Users.swift */; };
/* End PBXBuildFile section */

/* Begin PBXContainerItemProxy section */
		ED56C8B02948685B005B12A5 /* PBXContainerItemProxy */ = {
			isa = PBXContainerItemProxy;
			containerPortal = ED56C8972948685A005B12A5 /* Project object */;
			proxyType = 1;
			remoteGlobalIDString = ED56C89E2948685A005B12A5;
			remoteInfo = TpFinalSwiftUI;
		};
		ED56C8BA2948685B005B12A5 /* PBXContainerItemProxy */ = {
			isa = PBXContainerItemProxy;
			containerPortal = ED56C8972948685A005B12A5 /* Project object */;
			proxyType = 1;
			remoteGlobalIDString = ED56C89E2948685A005B12A5;
			remoteInfo = TpFinalSwiftUI;
		};
/* End PBXContainerItemProxy section */

/* Begin PBXFileReference section */
		ED56C89F2948685A005B12A5 /* TpFinalSwiftUI.app */ = {isa = PBXFileReference; explicitFileType = wrapper.application; includeInIndex = 0; path = TpFinalSwiftUI.app; sourceTree = BUILT_PRODUCTS_DIR; };
		ED56C8A22948685A005B12A5 /* TpFinalSwiftUIApp.swift */ = {isa = PBXFileReference; lastKnownFileType = sourcecode.swift; path = TpFinalSwiftUIApp.swift; sourceTree = "<group>"; };
		ED56C8A42948685A005B12A5 /* ContentView.swift */ = {isa = PBXFileReference; lastKnownFileType = sourcecode.swift; path = ContentView.swift; sourceTree = "<group>"; };
		ED56C8A62948685B005B12A5 /* Assets.xcassets */ = {isa = PBXFileReference; lastKnownFileType = folder.assetcatalog; path = Assets.xcassets; sourceTree = "<group>"; };
		ED56C8A92948685B005B12A5 /* Preview Assets.xcassets */ = {isa = PBXFileReference; lastKnownFileType = folder.assetcatalog; path = "Preview Assets.xcassets"; sourceTree = "<group>"; };
		ED56C8AF2948685B005B12A5 /* TpFinalSwiftUITests.xctest */ = {isa = PBXFileReference; explicitFileType = wrapper.cfbundle; includeInIndex = 0; path = TpFinalSwiftUITests.xctest; sourceTree = BUILT_PRODUCTS_DIR; };
		ED56C8B32948685B005B12A5 /* TpFinalSwiftUITests.swift */ = {isa = PBXFileReference; lastKnownFileType = sourcecode.swift; path = TpFinalSwiftUITests.swift; sourceTree = "<group>"; };
		ED56C8B92948685B005B12A5 /* TpFinalSwiftUIUITests.xctest */ = {isa = PBXFileReference; explicitFileType = wrapper.cfbundle; includeInIndex = 0; path = TpFinalSwiftUIUITests.xctest; sourceTree = BUILT_PRODUCTS_DIR; };
		ED56C8BD2948685B005B12A5 /* TpFinalSwiftUIUITests.swift */ = {isa = PBXFileReference; lastKnownFileType = sourcecode.swift; path = TpFinalSwiftUIUITests.swift; sourceTree = "<group>"; };
		ED56C8BF2948685B005B12A5 /* TpFinalSwiftUIUITestsLaunchTests.swift */ = {isa = PBXFileReference; lastKnownFileType = sourcecode.swift; path = TpFinalSwiftUIUITestsLaunchTests.swift; sourceTree = "<group>"; };
		ED56C90E29487A8E005B12A5 /* UserListDownloader.swift */ = {isa = PBXFileReference; lastKnownFileType = sourcecode.swift; path = UserListDownloader.swift; sourceTree = "<group>"; };
		ED56C91029487AAB005B12A5 /* Users.swift */ = {isa = PBXFileReference; fileEncoding = 4; lastKnownFileType = sourcecode.swift; path = Users.swift; sourceTree = "<group>"; };
/* End PBXFileReference section */

/* Begin PBXFrameworksBuildPhase section */
		ED56C89C2948685A005B12A5 /* Frameworks */ = {
			isa = PBXFrameworksBuildPhase;
			buildActionMask = 2147483647;
			files = (
			);
			runOnlyForDeploymentPostprocessing = 0;
		};
		ED56C8AC2948685B005B12A5 /* Frameworks */ = {
			isa = PBXFrameworksBuildPhase;
			buildActionMask = 2147483647;
			files = (
			);
			runOnlyForDeploymentPostprocessing = 0;
		};
		ED56C8B62948685B005B12A5 /* Frameworks */ = {
			isa = PBXFrameworksBuildPhase;
			buildActionMask = 2147483647;
			files = (
			);
			runOnlyForDeploymentPostprocessing = 0;
		};
/* End PBXFrameworksBuildPhase section */

/* Begin PBXGroup section */
		ED56C8962948685A005B12A5 = {
			isa = PBXGroup;
			children = (
				ED56C8A12948685A005B12A5 /* TpFinalSwiftUI */,
				ED56C8B22948685B005B12A5 /* TpFinalSwiftUITests */,
				ED56C8BC2948685B005B12A5 /* TpFinalSwiftUIUITests */,
				ED56C8A02948685A005B12A5 /* Products */,
			);
			sourceTree = "<group>";
		};
		ED56C8A02948685A005B12A5 /* Products */ = {
			isa = PBXGroup;
			children = (
				ED56C89F2948685A005B12A5 /* TpFinalSwiftUI.app */,
				ED56C8AF2948685B005B12A5 /* TpFinalSwiftUITests.xctest */,
				ED56C8B92948685B005B12A5 /* TpFinalSwiftUIUITests.xctest */,
			);
			name = Products;
			sourceTree = "<group>";
		};
		ED56C8A12948685A005B12A5 /* TpFinalSwiftUI */ = {
			isa = PBXGroup;
			children = (
				ED56C8A22948685A005B12A5 /* TpFinalSwiftUIApp.swift */,
				ED56C8A42948685A005B12A5 /* ContentView.swift */,
				ED56C8A62948685B005B12A5 /* Assets.xcassets */,
				ED56C8A82948685B005B12A5 /* Preview Content */,
				ED56C90E29487A8E005B12A5 /* UserListDownloader.swift */,
				ED56C91029487AAB005B12A5 /* Users.swift */,
			);
			path = TpFinalSwiftUI;
			sourceTree = "<group>";
		};
		ED56C8A82948685B005B12A5 /* Preview Content */ = {
			isa = PBXGroup;
			children = (
				ED56C8A92948685B005B12A5 /* Preview Assets.xcassets */,
			);
			path = "Preview Content";
			sourceTree = "<group>";
		};
		ED56C8B22948685B005B12A5 /* TpFinalSwiftUITests */ = {
			isa = PBXGroup;
			children = (
				ED56C8B32948685B005B12A5 /* TpFinalSwiftUITests.swift */,
			);
			path = TpFinalSwiftUITests;
			sourceTree = "<group>";
		};
		ED56C8BC2948685B005B12A5 /* TpFinalSwiftUIUITests */ = {
			isa = PBXGroup;
			children = (
				ED56C8BD2948685B005B12A5 /* TpFinalSwiftUIUITests.swift */,
				ED56C8BF2948685B005B12A5 /* TpFinalSwiftUIUITestsLaunchTests.swift */,
			);
			path = TpFinalSwiftUIUITests;
			sourceTree = "<group>";
		};
/* End PBXGroup section */

/* Begin PBXNativeTarget section */
		ED56C89E2948685A005B12A5 /* TpFinalSwiftUI */ = {
			isa = PBXNativeTarget;
			buildConfigurationList = ED56C8C32948685B005B12A5 /* Build configuration list for PBXNativeTarget "TpFinalSwiftUI" */;
			buildPhases = (
				ED56C89B2948685A005B12A5 /* Sources */,
				ED56C89C2948685A005B12A5 /* Frameworks */,
				ED56C89D2948685A005B12A5 /* Resources */,
			);
			buildRules = (
			);
			dependencies = (
			);
			name = TpFinalSwiftUI;
			productName = TpFinalSwiftUI;
			productReference = ED56C89F2948685A005B12A5 /* TpFinalSwiftUI.app */;
			productType = "com.apple.product-type.application";
		};
		ED56C8AE2948685B005B12A5 /* TpFinalSwiftUITests */ = {
			isa = PBXNativeTarget;
			buildConfigurationList = ED56C8C62948685B005B12A5 /* Build configuration list for PBXNativeTarget "TpFinalSwiftUITests" */;
			buildPhases = (
				ED56C8AB2948685B005B12A5 /* Sources */,
				ED56C8AC2948685B005B12A5 /* Frameworks */,
				ED56C8AD2948685B005B12A5 /* Resources */,
			);
			buildRules = (
			);
			dependencies = (
				ED56C8B12948685B005B12A5 /* PBXTargetDependency */,
			);
			name = TpFinalSwiftUITests;
			productName = TpFinalSwiftUITests;
			productReference = ED56C8AF2948685B005B12A5 /* TpFinalSwiftUITests.xctest */;
			productType = "com.apple.product-type.bundle.unit-test";
		};
		ED56C8B82948685B005B12A5 /* TpFinalSwiftUIUITests */ = {
			isa = PBXNativeTarget;
			buildConfigurationList = ED56C8C92948685B005B12A5 /* Build configuration list for PBXNativeTarget "TpFinalSwiftUIUITests" */;
			buildPhases = (
				ED56C8B52948685B005B12A5 /* Sources */,
				ED56C8B62948685B005B12A5 /* Frameworks */,
				ED56C8B72948685B005B12A5 /* Resources */,
			);
			buildRules = (
			);
			dependencies = (
				ED56C8BB2948685B005B12A5 /* PBXTargetDependency */,
			);
			name = TpFinalSwiftUIUITests;
			productName = TpFinalSwiftUIUITests;
			productReference = ED56C8B92948685B005B12A5 /* TpFinalSwiftUIUITests.xctest */;
			productType = "com.apple.product-type.bundle.ui-testing";
		};
/* End PBXNativeTarget section */

/* Begin PBXProject section */
		ED56C8972948685A005B12A5 /* Project object */ = {
			isa = PBXProject;
			attributes = {
				BuildIndependentTargetsInParallel = 1;
				LastSwiftUpdateCheck = 1410;
				LastUpgradeCheck = 1410;
				TargetAttributes = {
					ED56C89E2948685A005B12A5 = {
						CreatedOnToolsVersion = 14.1;
					};
					ED56C8AE2948685B005B12A5 = {
						CreatedOnToolsVersion = 14.1;
						TestTargetID = ED56C89E2948685A005B12A5;
					};
					ED56C8B82948685B005B12A5 = {
						CreatedOnToolsVersion = 14.1;
						TestTargetID = ED56C89E2948685A005B12A5;
					};
				};
			};
			buildConfigurationList = ED56C89A2948685A005B12A5 /* Build configuration list for PBXProject "TpFinalSwiftUI" */;
			compatibilityVersion = "Xcode 14.0";
			developmentRegion = en;
			hasScannedForEncodings = 0;
			knownRegions = (
				en,
				Base,
			);
			mainGroup = ED56C8962948685A005B12A5;
			productRefGroup = ED56C8A02948685A005B12A5 /* Products */;
			projectDirPath = "";
			projectRoot = "";
			targets = (
				ED56C89E2948685A005B12A5 /* TpFinalSwiftUI */,
				ED56C8AE2948685B005B12A5 /* TpFinalSwiftUITests */,
				ED56C8B82948685B005B12A5 /* TpFinalSwiftUIUITests */,
			);
		};
/* End PBXProject section */

/* Begin PBXResourcesBuildPhase section */
		ED56C89D2948685A005B12A5 /* Resources */ = {
			isa = PBXResourcesBuildPhase;
			buildActionMask = 2147483647;
			files = (
				ED56C8AA2948685B005B12A5 /* Preview Assets.xcassets in Resources */,
				ED56C8A72948685B005B12A5 /* Assets.xcassets in Resources */,
			);
			runOnlyForDeploymentPostprocessing = 0;
		};
		ED56C8AD2948685B005B12A5 /* Resources */ = {
			isa = PBXResourcesBuildPhase;
			buildActionMask = 2147483647;
			files = (
			);
			runOnlyForDeploymentPostprocessing = 0;
		};
		ED56C8B72948685B005B12A5 /* Resources */ = {
			isa = PBXResourcesBuildPhase;
			buildActionMask = 2147483647;
			files = (
			);
			runOnlyForDeploymentPostprocessing = 0;
		};
/* End PBXResourcesBuildPhase section */

/* Begin PBXSourcesBuildPhase section */
		ED56C89B2948685A005B12A5 /* Sources */ = {
			isa = PBXSourcesBuildPhase;
			buildActionMask = 2147483647;
			files = (
				ED56C91129487AAB005B12A5 /* Users.swift in Sources */,
				ED56C8A52948685A005B12A5 /* ContentView.swift in Sources */,
				ED56C8A32948685A005B12A5 /* TpFinalSwiftUIApp.swift in Sources */,
				ED56C90F29487A8E005B12A5 /* UserListDownloader.swift in Sources */,
			);
			runOnlyForDeploymentPostprocessing = 0;
		};
		ED56C8AB2948685B005B12A5 /* Sources */ = {
			isa = PBXSourcesBuildPhase;
			buildActionMask = 2147483647;
			files = (
				ED56C8B42948685B005B12A5 /* TpFinalSwiftUITests.swift in Sources */,
			);
			runOnlyForDeploymentPostprocessing = 0;
		};
		ED56C8B52948685B005B12A5 /* Sources */ = {
			isa = PBXSourcesBuildPhase;
			buildActionMask = 2147483647;
			files = (
				ED56C8BE2948685B005B12A5 /* TpFinalSwiftUIUITests.swift in Sources */,
				ED56C8C02948685B005B12A5 /* TpFinalSwiftUIUITestsLaunchTests.swift in Sources */,
			);
			runOnlyForDeploymentPostprocessing = 0;
		};
/* End PBXSourcesBuildPhase section */

/* Begin PBXTargetDependency section */
		ED56C8B12948685B005B12A5 /* PBXTargetDependency */ = {
			isa = PBXTargetDependency;
			target = ED56C89E2948685A005B12A5 /* TpFinalSwiftUI */;
			targetProxy = ED56C8B02948685B005B12A5 /* PBXContainerItemProxy */;
		};
		ED56C8BB2948685B005B12A5 /* PBXTargetDependency */ = {
			isa = PBXTargetDependency;
			target = ED56C89E2948685A005B12A5 /* TpFinalSwiftUI */;
			targetProxy = ED56C8BA2948685B005B12A5 /* PBXContainerItemProxy */;
		};
/* End PBXTargetDependency section */

/* Begin XCBuildConfiguration section */
		ED56C8C12948685B005B12A5 /* Debug */ = {
			isa = XCBuildConfiguration;
			buildSettings = {
				ALWAYS_SEARCH_USER_PATHS = NO;
				CLANG_ANALYZER_NONNULL = YES;
				CLANG_ANALYZER_NUMBER_OBJECT_CONVERSION = YES_AGGRESSIVE;
				CLANG_CXX_LANGUAGE_STANDARD = "gnu++20";
				CLANG_ENABLE_MODULES = YES;
				CLANG_ENABLE_OBJC_ARC = YES;
				CLANG_ENABLE_OBJC_WEAK = YES;
				CLANG_WARN_BLOCK_CAPTURE_AUTORELEASING = YES;
				CLANG_WARN_BOOL_CONVERSION = YES;
				CLANG_WARN_COMMA = YES;
				CLANG_WARN_CONSTANT_CONVERSION = YES;
				CLANG_WARN_DEPRECATED_OBJC_IMPLEMENTATIONS = YES;
				CLANG_WARN_DIRECT_OBJC_ISA_USAGE = YES_ERROR;
				CLANG_WARN_DOCUMENTATION_COMMENTS = YES;
				CLANG_WARN_EMPTY_BODY = YES;
				CLANG_WARN_ENUM_CONVERSION = YES;
				CLANG_WARN_INFINITE_RECURSION = YES;
				CLANG_WARN_INT_CONVERSION = YES;
				CLANG_WARN_NON_LITERAL_NULL_CONVERSION = YES;
				CLANG_WARN_OBJC_IMPLICIT_RETAIN_SELF = YES;
				CLANG_WARN_OBJC_LITERAL_CONVERSION = YES;
				CLANG_WARN_OBJC_ROOT_CLASS = YES_ERROR;
				CLANG_WARN_QUOTED_INCLUDE_IN_FRAMEWORK_HEADER = YES;
				CLANG_WARN_RANGE_LOOP_ANALYSIS = YES;
				CLANG_WARN_STRICT_PROTOTYPES = YES;
				CLANG_WARN_SUSPICIOUS_MOVE = YES;
				CLANG_WARN_UNGUARDED_AVAILABILITY = YES_AGGRESSIVE;
				CLANG_WARN_UNREACHABLE_CODE = YES;
				CLANG_WARN__DUPLICATE_METHOD_MATCH = YES;
				COPY_PHASE_STRIP = NO;
				DEBUG_INFORMATION_FORMAT = dwarf;
				ENABLE_STRICT_OBJC_MSGSEND = YES;
				ENABLE_TESTABILITY = YES;
				GCC_C_LANGUAGE_STANDARD = gnu11;
				GCC_DYNAMIC_NO_PIC = NO;
				GCC_NO_COMMON_BLOCKS = YES;
				GCC_OPTIMIZATION_LEVEL = 0;
				GCC_PREPROCESSOR_DEFINITIONS = (
					"DEBUG=1",
					"$(inherited)",
				);
				GCC_WARN_64_TO_32_BIT_CONVERSION = YES;
				GCC_WARN_ABOUT_RETURN_TYPE = YES_ERROR;
				GCC_WARN_UNDECLARED_SELECTOR = YES;
				GCC_WARN_UNINITIALIZED_AUTOS = YES_AGGRESSIVE;
				GCC_WARN_UNUSED_FUNCTION = YES;
				GCC_WARN_UNUSED_VARIABLE = YES;
				IPHONEOS_DEPLOYMENT_TARGET = 16.1;
				MTL_ENABLE_DEBUG_INFO = INCLUDE_SOURCE;
				MTL_FAST_MATH = YES;
				ONLY_ACTIVE_ARCH = YES;
				SDKROOT = iphoneos;
				SWIFT_ACTIVE_COMPILATION_CONDITIONS = DEBUG;
				SWIFT_OPTIMIZATION_LEVEL = "-Onone";
			};
			name = Debug;
		};
		ED56C8C22948685B005B12A5 /* Release */ = {
			isa = XCBuildConfiguration;
			buildSettings = {
				ALWAYS_SEARCH_USER_PATHS = NO;
				CLANG_ANALYZER_NONNULL = YES;
				CLANG_ANALYZER_NUMBER_OBJECT_CONVERSION = YES_AGGRESSIVE;
				CLANG_CXX_LANGUAGE_STANDARD = "gnu++20";
				CLANG_ENABLE_MODULES = YES;
				CLANG_ENABLE_OBJC_ARC = YES;
				CLANG_ENABLE_OBJC_WEAK = YES;
				CLANG_WARN_BLOCK_CAPTURE_AUTORELEASING = YES;
				CLANG_WARN_BOOL_CONVERSION = YES;
				CLANG_WARN_COMMA = YES;
				CLANG_WARN_CONSTANT_CONVERSION = YES;
				CLANG_WARN_DEPRECATED_OBJC_IMPLEMENTATIONS = YES;
				CLANG_WARN_DIRECT_OBJC_ISA_USAGE = YES_ERROR;
				CLANG_WARN_DOCUMENTATION_COMMENTS = YES;
				CLANG_WARN_EMPTY_BODY = YES;
				CLANG_WARN_ENUM_CONVERSION = YES;
				CLANG_WARN_INFINITE_RECURSION = YES;
				CLANG_WARN_INT_CONVERSION = YES;
				CLANG_WARN_NON_LITERAL_NULL_CONVERSION = YES;
				CLANG_WARN_OBJC_IMPLICIT_RETAIN_SELF = YES;
				CLANG_WARN_OBJC_LITERAL_CONVERSION = YES;
				CLANG_WARN_OBJC_ROOT_CLASS = YES_ERROR;
				CLANG_WARN_QUOTED_INCLUDE_IN_FRAMEWORK_HEADER = YES;
				CLANG_WARN_RANGE_LOOP_ANALYSIS = YES;
				CLANG_WARN_STRICT_PROTOTYPES = YES;
				CLANG_WARN_SUSPICIOUS_MOVE = YES;
				CLANG_WARN_UNGUARDED_AVAILABILITY = YES_AGGRESSIVE;
				CLANG_WARN_UNREACHABLE_CODE = YES;
				CLANG_WARN__DUPLICATE_METHOD_MATCH = YES;
				COPY_PHASE_STRIP = NO;
				DEBUG_INFORMATION_FORMAT = "dwarf-with-dsym";
				ENABLE_NS_ASSERTIONS = NO;
				ENABLE_STRICT_OBJC_MSGSEND = YES;
				GCC_C_LANGUAGE_STANDARD = gnu11;
				GCC_NO_COMMON_BLOCKS = YES;
				GCC_WARN_64_TO_32_BIT_CONVERSION = YES;
				GCC_WARN_ABOUT_RETURN_TYPE = YES_ERROR;
				GCC_WARN_UNDECLARED_SELECTOR = YES;
				GCC_WARN_UNINITIALIZED_AUTOS = YES_AGGRESSIVE;
				GCC_WARN_UNUSED_FUNCTION = YES;
				GCC_WARN_UNUSED_VARIABLE = YES;
				IPHONEOS_DEPLOYMENT_TARGET = 16.1;
				MTL_ENABLE_DEBUG_INFO = NO;
				MTL_FAST_MATH = YES;
				SDKROOT = iphoneos;
				SWIFT_COMPILATION_MODE = wholemodule;
				SWIFT_OPTIMIZATION_LEVEL = "-O";
				VALIDATE_PRODUCT = YES;
			};
			name = Release;
		};
		ED56C8C42948685B005B12A5 /* Debug */ = {
			isa = XCBuildConfiguration;
			buildSettings = {
				ASSETCATALOG_COMPILER_APPICON_NAME = AppIcon;
				ASSETCATALOG_COMPILER_GLOBAL_ACCENT_COLOR_NAME = AccentColor;
				CODE_SIGN_STYLE = Automatic;
				CURRENT_PROJECT_VERSION = 1;
				DEVELOPMENT_ASSET_PATHS = "\"TpFinalSwiftUI/Preview Content\"";
				ENABLE_PREVIEWS = YES;
				GENERATE_INFOPLIST_FILE = YES;
				INFOPLIST_KEY_UIApplicationSceneManifest_Generation = YES;
				INFOPLIST_KEY_UIApplicationSupportsIndirectInputEvents = YES;
				INFOPLIST_KEY_UILaunchScreen_Generation = YES;
				INFOPLIST_KEY_UISupportedInterfaceOrientations_iPad = "UIInterfaceOrientationPortrait UIInterfaceOrientationPortraitUpsideDown UIInterfaceOrientationLandscapeLeft UIInterfaceOrientationLandscapeRight";
				INFOPLIST_KEY_UISupportedInterfaceOrientations_iPhone = "UIInterfaceOrientationPortrait UIInterfaceOrientationLandscapeLeft UIInterfaceOrientationLandscapeRight";
				LD_RUNPATH_SEARCH_PATHS = (
					"$(inherited)",
					"@executable_path/Frameworks",
				);
				MARKETING_VERSION = 1.0;
				PRODUCT_BUNDLE_IDENTIFIER = jojo.TpFinalSwiftUI;
				PRODUCT_NAME = "$(TARGET_NAME)";
				SWIFT_EMIT_LOC_STRINGS = YES;
				SWIFT_VERSION = 5.0;
				TARGETED_DEVICE_FAMILY = "1,2";
			};
			name = Debug;
		};
		ED56C8C52948685B005B12A5 /* Release */ = {
			isa = XCBuildConfiguration;
			buildSettings = {
				ASSETCATALOG_COMPILER_APPICON_NAME = AppIcon;
				ASSETCATALOG_COMPILER_GLOBAL_ACCENT_COLOR_NAME = AccentColor;
				CODE_SIGN_STYLE = Automatic;
				CURRENT_PROJECT_VERSION = 1;
				DEVELOPMENT_ASSET_PATHS = "\"TpFinalSwiftUI/Preview Content\"";
				ENABLE_PREVIEWS = YES;
				GENERATE_INFOPLIST_FILE = YES;
				INFOPLIST_KEY_UIApplicationSceneManifest_Generation = YES;
				INFOPLIST_KEY_UIApplicationSupportsIndirectInputEvents = YES;
				INFOPLIST_KEY_UILaunchScreen_Generation = YES;
				INFOPLIST_KEY_UISupportedInterfaceOrientations_iPad = "UIInterfaceOrientationPortrait UIInterfaceOrientationPortraitUpsideDown UIInterfaceOrientationLandscapeLeft UIInterfaceOrientationLandscapeRight";
				INFOPLIST_KEY_UISupportedInterfaceOrientations_iPhone = "UIInterfaceOrientationPortrait UIInterfaceOrientationLandscapeLeft UIInterfaceOrientationLandscapeRight";
				LD_RUNPATH_SEARCH_PATHS = (
					"$(inherited)",
					"@executable_path/Frameworks",
				);
				MARKETING_VERSION = 1.0;
				PRODUCT_BUNDLE_IDENTIFIER = jojo.TpFinalSwiftUI;
				PRODUCT_NAME = "$(TARGET_NAME)";
				SWIFT_EMIT_LOC_STRINGS = YES;
				SWIFT_VERSION = 5.0;
				TARGETED_DEVICE_FAMILY = "1,2";
			};
			name = Release;
		};
		ED56C8C72948685B005B12A5 /* Debug */ = {
			isa = XCBuildConfiguration;
			buildSettings = {
				ALWAYS_EMBED_SWIFT_STANDARD_LIBRARIES = YES;
				BUNDLE_LOADER = "$(TEST_HOST)";
				CODE_SIGN_STYLE = Automatic;
				CURRENT_PROJECT_VERSION = 1;
				GENERATE_INFOPLIST_FILE = YES;
				IPHONEOS_DEPLOYMENT_TARGET = 16.1;
				MARKETING_VERSION = 1.0;
				PRODUCT_BUNDLE_IDENTIFIER = jojo.TpFinalSwiftUITests;
				PRODUCT_NAME = "$(TARGET_NAME)";
				SWIFT_EMIT_LOC_STRINGS = NO;
				SWIFT_VERSION = 5.0;
				TARGETED_DEVICE_FAMILY = "1,2";
				TEST_HOST = "$(BUILT_PRODUCTS_DIR)/TpFinalSwiftUI.app/$(BUNDLE_EXECUTABLE_FOLDER_PATH)/TpFinalSwiftUI";
			};
			name = Debug;
		};
		ED56C8C82948685B005B12A5 /* Release */ = {
			isa = XCBuildConfiguration;
			buildSettings = {
				ALWAYS_EMBED_SWIFT_STANDARD_LIBRARIES = YES;
				BUNDLE_LOADER = "$(TEST_HOST)";
				CODE_SIGN_STYLE = Automatic;
				CURRENT_PROJECT_VERSION = 1;
				GENERATE_INFOPLIST_FILE = YES;
				IPHONEOS_DEPLOYMENT_TARGET = 16.1;
				MARKETING_VERSION = 1.0;
				PRODUCT_BUNDLE_IDENTIFIER = jojo.TpFinalSwiftUITests;
				PRODUCT_NAME = "$(TARGET_NAME)";
				SWIFT_EMIT_LOC_STRINGS = NO;
				SWIFT_VERSION = 5.0;
				TARGETED_DEVICE_FAMILY = "1,2";
				TEST_HOST = "$(BUILT_PRODUCTS_DIR)/TpFinalSwiftUI.app/$(BUNDLE_EXECUTABLE_FOLDER_PATH)/TpFinalSwiftUI";
			};
			name = Release;
		};
		ED56C8CA2948685B005B12A5 /* Debug */ = {
			isa = XCBuildConfiguration;
			buildSettings = {
				ALWAYS_EMBED_SWIFT_STANDARD_LIBRARIES = YES;
				CODE_SIGN_STYLE = Automatic;
				CURRENT_PROJECT_VERSION = 1;
				GENERATE_INFOPLIST_FILE = YES;
				MARKETING_VERSION = 1.0;
				PRODUCT_BUNDLE_IDENTIFIER = jojo.TpFinalSwiftUIUITests;
				PRODUCT_NAME = "$(TARGET_NAME)";
				SWIFT_EMIT_LOC_STRINGS = NO;
				SWIFT_VERSION = 5.0;
				TARGETED_DEVICE_FAMILY = "1,2";
				TEST_TARGET_NAME = TpFinalSwiftUI;
			};
			name = Debug;
		};
		ED56C8CB2948685B005B12A5 /* Release */ = {
			isa = XCBuildConfiguration;
			buildSettings = {
				ALWAYS_EMBED_SWIFT_STANDARD_LIBRARIES = YES;
				CODE_SIGN_STYLE = Automatic;
				CURRENT_PROJECT_VERSION = 1;
				GENERATE_INFOPLIST_FILE = YES;
				MARKETING_VERSION = 1.0;
				PRODUCT_BUNDLE_IDENTIFIER = jojo.TpFinalSwiftUIUITests;
				PRODUCT_NAME = "$(TARGET_NAME)";
				SWIFT_EMIT_LOC_STRINGS = NO;
				SWIFT_VERSION = 5.0;
				TARGETED_DEVICE_FAMILY = "1,2";
				TEST_TARGET_NAME = TpFinalSwiftUI;
			};
			name = Release;
		};
/* End XCBuildConfiguration section */

/* Begin XCConfigurationList section */
		ED56C89A2948685A005B12A5 /* Build configuration list for PBXProject "TpFinalSwiftUI" */ = {
			isa = XCConfigurationList;
			buildConfigurations = (
				ED56C8C12948685B005B12A5 /* Debug */,
				ED56C8C22948685B005B12A5 /* Release */,
			);
			defaultConfigurationIsVisible = 0;
			defaultConfigurationName = Release;
		};
		ED56C8C32948685B005B12A5 /* Build configuration list for PBXNativeTarget "TpFinalSwiftUI" */ = {
			isa = XCConfigurationList;
			buildConfigurations = (
				ED56C8C42948685B005B12A5 /* Debug */,
				ED56C8C52948685B005B12A5 /* Release */,
			);
			defaultConfigurationIsVisible = 0;
			defaultConfigurationName = Release;
		};
		ED56C8C62948685B005B12A5 /* Build configuration list for PBXNativeTarget "TpFinalSwiftUITests" */ = {
			isa = XCConfigurationList;
			buildConfigurations = (
				ED56C8C72948685B005B12A5 /* Debug */,
				ED56C8C82948685B005B12A5 /* Release */,
			);
			defaultConfigurationIsVisible = 0;
			defaultConfigurationName = Release;
		};
		ED56C8C92948685B005B12A5 /* Build configuration list for PBXNativeTarget "TpFinalSwiftUIUITests" */ = {
			isa = XCConfigurationList;
			buildConfigurations = (
				ED56C8CA2948685B005B12A5 /* Debug */,
				ED56C8CB2948685B005B12A5 /* Release */,
			);
			defaultConfigurationIsVisible = 0;
			defaultConfigurationName = Release;
		};
/* End XCConfigurationList section */
	};
	rootObject = ED56C8972948685A005B12A5 /* Project object */;
}
